// !$*UTF8*$!
{
	archiveVersion = 1;
	classes = {
	};
	objectVersion = 46;
	objects = {

/* Begin PBXBuildFile section */
		840582EC169F7D920022E4F9 /* MWFSlideNavigationViewController.m in Sources */ = {isa = PBXBuildFile; fileRef = 840582EB169F7D920022E4F9 /* MWFSlideNavigationViewController.m */; };
		840582ED169F7D920022E4F9 /* MWFSlideNavigationViewController.m in Sources */ = {isa = PBXBuildFile; fileRef = 840582EB169F7D920022E4F9 /* MWFSlideNavigationViewController.m */; };
		840582F1169F86DE0022E4F9 /* GPNotificationButton.m in Sources */ = {isa = PBXBuildFile; fileRef = 840582F0169F86DE0022E4F9 /* GPNotificationButton.m */; };
		840582F2169F86DE0022E4F9 /* GPNotificationButton.m in Sources */ = {isa = PBXBuildFile; fileRef = 840582F0169F86DE0022E4F9 /* GPNotificationButton.m */; };
		8410AB48169F8FF900E71AC3 /* GPNewsFeedCell.m in Sources */ = {isa = PBXBuildFile; fileRef = 8410AB47169F8FF900E71AC3 /* GPNewsFeedCell.m */; };
		84339AD41750488100FCC06C /* GPLoginButton.m in Sources */ = {isa = PBXBuildFile; fileRef = 84339AD31750488100FCC06C /* GPLoginButton.m */; };
		84339ADB175048F500FCC06C /* GPUtilities.m in Sources */ = {isa = PBXBuildFile; fileRef = 84339ADA175048F500FCC06C /* GPUtilities.m */; };
		84339ADE17504E9A00FCC06C /* GPLoginTextField.m in Sources */ = {isa = PBXBuildFile; fileRef = 84339ADD17504E9A00FCC06C /* GPLoginTextField.m */; };
		8442C2E91668184B007046E3 /* UIKit.framework in Frameworks */ = {isa = PBXBuildFile; fileRef = 8442C2E81668184B007046E3 /* UIKit.framework */; };
		8442C2EB1668184B007046E3 /* Foundation.framework in Frameworks */ = {isa = PBXBuildFile; fileRef = 8442C2EA1668184B007046E3 /* Foundation.framework */; };
		8442C2ED1668184B007046E3 /* CoreGraphics.framework in Frameworks */ = {isa = PBXBuildFile; fileRef = 8442C2EC1668184B007046E3 /* CoreGraphics.framework */; };
		8442C2EF1668184B007046E3 /* CoreData.framework in Frameworks */ = {isa = PBXBuildFile; fileRef = 8442C2EE1668184B007046E3 /* CoreData.framework */; };
		8442C2F51668184B007046E3 /* InfoPlist.strings in Resources */ = {isa = PBXBuildFile; fileRef = 8442C2F31668184B007046E3 /* InfoPlist.strings */; };
		8442C2F71668184B007046E3 /* main.m in Sources */ = {isa = PBXBuildFile; fileRef = 8442C2F61668184B007046E3 /* main.m */; };
		8442C2FB1668184B007046E3 /* GPAppDelegate.m in Sources */ = {isa = PBXBuildFile; fileRef = 8442C2FA1668184B007046E3 /* GPAppDelegate.m */; };
		8442C2FD1668184B007046E3 /* Default.png in Resources */ = {isa = PBXBuildFile; fileRef = 8442C2FC1668184B007046E3 /* Default.png */; };
		8442C2FF1668184B007046E3 /* Default@2x.png in Resources */ = {isa = PBXBuildFile; fileRef = 8442C2FE1668184B007046E3 /* Default@2x.png */; };
		8442C3011668184B007046E3 /* Default-568h@2x.png in Resources */ = {isa = PBXBuildFile; fileRef = 8442C3001668184B007046E3 /* Default-568h@2x.png */; };
		8442C3041668184B007046E3 /* GitPad.xcdatamodeld in Sources */ = {isa = PBXBuildFile; fileRef = 8442C3021668184B007046E3 /* GitPad.xcdatamodeld */; };
		8442C30C1668184B007046E3 /* SenTestingKit.framework in Frameworks */ = {isa = PBXBuildFile; fileRef = 8442C30B1668184B007046E3 /* SenTestingKit.framework */; };
		8442C30D1668184B007046E3 /* UIKit.framework in Frameworks */ = {isa = PBXBuildFile; fileRef = 8442C2E81668184B007046E3 /* UIKit.framework */; };
		8442C30E1668184B007046E3 /* Foundation.framework in Frameworks */ = {isa = PBXBuildFile; fileRef = 8442C2EA1668184B007046E3 /* Foundation.framework */; };
		8442C30F1668184B007046E3 /* CoreData.framework in Frameworks */ = {isa = PBXBuildFile; fileRef = 8442C2EE1668184B007046E3 /* CoreData.framework */; };
		8442C3171668184B007046E3 /* InfoPlist.strings in Resources */ = {isa = PBXBuildFile; fileRef = 8442C3151668184B007046E3 /* InfoPlist.strings */; };
		8442C31A1668184B007046E3 /* GitPadTests.m in Sources */ = {isa = PBXBuildFile; fileRef = 8442C3191668184B007046E3 /* GitPadTests.m */; };
		8442C32516681869007046E3 /* GPNavigationController.m in Sources */ = {isa = PBXBuildFile; fileRef = 8442C32416681869007046E3 /* GPNavigationController.m */; };
		8442C32716681AF4007046E3 /* QuartzCore.framework in Frameworks */ = {isa = PBXBuildFile; fileRef = 8442C32616681AF4007046E3 /* QuartzCore.framework */; };
		8442C32A16681B76007046E3 /* GPControlCenterViewController.m in Sources */ = {isa = PBXBuildFile; fileRef = 8442C32916681B76007046E3 /* GPControlCenterViewController.m */; };
		8442C346166821EE007046E3 /* Defaults.plist in Resources */ = {isa = PBXBuildFile; fileRef = 8442C345166821EE007046E3 /* Defaults.plist */; };
		8442C34916682284007046E3 /* GPLoginViewController.m in Sources */ = {isa = PBXBuildFile; fileRef = 8442C34816682284007046E3 /* GPLoginViewController.m */; };
		8442C34C16682568007046E3 /* GPNavigationBar.m in Sources */ = {isa = PBXBuildFile; fileRef = 8442C34B16682568007046E3 /* GPNavigationBar.m */; };
		84434FD1167168D8005C7AC4 /* SystemConfiguration.framework in Frameworks */ = {isa = PBXBuildFile; fileRef = 84434FD0167168D8005C7AC4 /* SystemConfiguration.framework */; };
		8458973816D286F600D129EA /* GPSegment.m in Sources */ = {isa = PBXBuildFile; fileRef = 8458973716D286F600D129EA /* GPSegment.m */; };
		8458973D16D2B0A300D129EA /* GPAccountViewController.m in Sources */ = {isa = PBXBuildFile; fileRef = 8458973C16D2B0A300D129EA /* GPAccountViewController.m */; };
		8458974216D2C43100D129EA /* GPProfileContainerView.m in Sources */ = {isa = PBXBuildFile; fileRef = 8458974116D2C43100D129EA /* GPProfileContainerView.m */; };
		8458976316D2D60000D129EA /* SDImageCache.m in Sources */ = {isa = PBXBuildFile; fileRef = 8458975016D2D60000D129EA /* SDImageCache.m */; };
		8458976416D2D60000D129EA /* SDWebImageCompat.m in Sources */ = {isa = PBXBuildFile; fileRef = 8458975216D2D60000D129EA /* SDWebImageCompat.m */; };
		8458976516D2D60000D129EA /* SDWebImageDecoder.m in Sources */ = {isa = PBXBuildFile; fileRef = 8458975416D2D60000D129EA /* SDWebImageDecoder.m */; };
		8458976616D2D60000D129EA /* SDWebImageDownloader.m in Sources */ = {isa = PBXBuildFile; fileRef = 8458975616D2D60000D129EA /* SDWebImageDownloader.m */; };
		8458976716D2D60000D129EA /* SDWebImageDownloaderOperation.m in Sources */ = {isa = PBXBuildFile; fileRef = 8458975816D2D60000D129EA /* SDWebImageDownloaderOperation.m */; };
		8458976816D2D60000D129EA /* SDWebImageManager.m in Sources */ = {isa = PBXBuildFile; fileRef = 8458975A16D2D60000D129EA /* SDWebImageManager.m */; };
		8458976916D2D60000D129EA /* SDWebImagePrefetcher.m in Sources */ = {isa = PBXBuildFile; fileRef = 8458975D16D2D60000D129EA /* SDWebImagePrefetcher.m */; };
		8458976A16D2D60000D129EA /* UIButton+WebCache.m in Sources */ = {isa = PBXBuildFile; fileRef = 8458975F16D2D60000D129EA /* UIButton+WebCache.m */; };
		8458976B16D2D60000D129EA /* UIImageView+WebCache.m in Sources */ = {isa = PBXBuildFile; fileRef = 8458976116D2D60000D129EA /* UIImageView+WebCache.m */; };
		8458976D16D2D68000D129EA /* ImageIO.framework in Frameworks */ = {isa = PBXBuildFile; fileRef = 8458976C16D2D67F00D129EA /* ImageIO.framework */; };
		846B205F1671717700436E90 /* GPMainViewController.m in Sources */ = {isa = PBXBuildFile; fileRef = 846B205E1671717700436E90 /* GPMainViewController.m */; };
		846E858616A61F7F00B0B61D /* MTStatusBarOverlay.m in Sources */ = {isa = PBXBuildFile; fileRef = 846E858516A61F7F00B0B61D /* MTStatusBarOverlay.m */; };
		846F181916C795EC0099BA2C /* NPReachability.m in Sources */ = {isa = PBXBuildFile; fileRef = 846F181816C795EC0099BA2C /* NPReachability.m */; };
		846F183116C79A110099BA2C /* NoticeView.bundle in Resources */ = {isa = PBXBuildFile; fileRef = 846F181B16C79A110099BA2C /* NoticeView.bundle */; };
		846F183216C79A110099BA2C /* NSOperationQueue+WBNoticeExtensions.m in Sources */ = {isa = PBXBuildFile; fileRef = 846F181D16C79A110099BA2C /* NSOperationQueue+WBNoticeExtensions.m */; };
		846F183316C79A110099BA2C /* UILabel+WBExtensions.m in Sources */ = {isa = PBXBuildFile; fileRef = 846F181F16C79A110099BA2C /* UILabel+WBExtensions.m */; };
		846F183416C79A110099BA2C /* WBBlueGradientView.m in Sources */ = {isa = PBXBuildFile; fileRef = 846F182116C79A110099BA2C /* WBBlueGradientView.m */; };
		846F183516C79A110099BA2C /* WBErrorNoticeView.m in Sources */ = {isa = PBXBuildFile; fileRef = 846F182316C79A110099BA2C /* WBErrorNoticeView.m */; };
		846F183616C79A110099BA2C /* WBGrayGradientView.m in Sources */ = {isa = PBXBuildFile; fileRef = 846F182516C79A110099BA2C /* WBGrayGradientView.m */; };
		846F183716C79A110099BA2C /* WBNoticeOperation.m in Sources */ = {isa = PBXBuildFile; fileRef = 846F182716C79A110099BA2C /* WBNoticeOperation.m */; };
		846F183816C79A110099BA2C /* WBNoticeView.m in Sources */ = {isa = PBXBuildFile; fileRef = 846F182A16C79A110099BA2C /* WBNoticeView.m */; };
		846F183916C79A110099BA2C /* WBRedGradientView.m in Sources */ = {isa = PBXBuildFile; fileRef = 846F182C16C79A110099BA2C /* WBRedGradientView.m */; };
		846F183A16C79A110099BA2C /* WBStickyNoticeView.m in Sources */ = {isa = PBXBuildFile; fileRef = 846F182E16C79A110099BA2C /* WBStickyNoticeView.m */; };
		846F183B16C79A110099BA2C /* WBSuccessNoticeView.m in Sources */ = {isa = PBXBuildFile; fileRef = 846F183016C79A110099BA2C /* WBSuccessNoticeView.m */; };
		849E8FBA174AE71C005FAB56 /* MobileCoreServices.framework in Frameworks */ = {isa = PBXBuildFile; fileRef = 849E8FB9174AE71C005FAB56 /* MobileCoreServices.framework */; };
		84A156571730C2FF007E6A0D /* libReactiveCocoa-iOS.a in Frameworks */ = {isa = PBXBuildFile; fileRef = 84DB04421730855F00674C99 /* libReactiveCocoa-iOS.a */; };
		84C4548E175041E7001ECB0F /* libKrakenKit-iOS.a in Frameworks */ = {isa = PBXBuildFile; fileRef = 84C4548B175041E1001ECB0F /* libKrakenKit-iOS.a */; };
		84CB8C8C16ADC77D0026AF86 /* <Github-Social-Logo-Outlined>.png in Resources */ = {isa = PBXBuildFile; fileRef = 84CB8C8B16ADC77D0026AF86 /* <Github-Social-Logo-Outlined>.png */; };
		84CB8C9A16ADCE9B0026AF86 /* NSString+MD5.m in Sources */ = {isa = PBXBuildFile; fileRef = 84CB8C9316ADCE9B0026AF86 /* NSString+MD5.m */; };
		84CB8C9B16ADCE9B0026AF86 /* PDFView.m in Sources */ = {isa = PBXBuildFile; fileRef = 84CB8C9516ADCE9B0026AF86 /* PDFView.m */; };
		84CB8C9C16ADCE9B0026AF86 /* UIImage+PDF.m in Sources */ = {isa = PBXBuildFile; fileRef = 84CB8C9716ADCE9B0026AF86 /* UIImage+PDF.m */; };
		84CB8C9D16ADCE9B0026AF86 /* UIView+Image.m in Sources */ = {isa = PBXBuildFile; fileRef = 84CB8C9916ADCE9B0026AF86 /* UIView+Image.m */; };
		84CB8C9F16ADCEA60026AF86 /* <Blacktocats>.pdf in Resources */ = {isa = PBXBuildFile; fileRef = 84CB8C9E16ADCEA50026AF86 /* <Blacktocats>.pdf */; };
		84F8F00D16D1D0C200827B4D /* BWStatusBarOverlay.m in Sources */ = {isa = PBXBuildFile; fileRef = 84F8F00616D1D0C200827B4D /* BWStatusBarOverlay.m */; };
		84F8F00E16D1D0C200827B4D /* status-bar-progress.png in Resources */ = {isa = PBXBuildFile; fileRef = 84F8F00716D1D0C200827B4D /* status-bar-progress.png */; };
		84F8F00F16D1D0C200827B4D /* status-bar-progress@2x.png in Resources */ = {isa = PBXBuildFile; fileRef = 84F8F00816D1D0C200827B4D /* status-bar-progress@2x.png */; };
		84F8F01016D1D0C200827B4D /* status-bar-pattern-black.jpg in Resources */ = {isa = PBXBuildFile; fileRef = 84F8F00916D1D0C200827B4D /* status-bar-pattern-black.jpg */; };
		84F8F01116D1D0C200827B4D /* status-bar-pattern-black@2x.jpg in Resources */ = {isa = PBXBuildFile; fileRef = 84F8F00A16D1D0C200827B4D /* status-bar-pattern-black@2x.jpg */; };
		84F8F01216D1D0C200827B4D /* status-bar-pattern-default.jpg in Resources */ = {isa = PBXBuildFile; fileRef = 84F8F00B16D1D0C200827B4D /* status-bar-pattern-default.jpg */; };
		84F8F01316D1D0C200827B4D /* status-bar-pattern-default@2x.jpg in Resources */ = {isa = PBXBuildFile; fileRef = 84F8F00C16D1D0C200827B4D /* status-bar-pattern-default@2x.jpg */; };
		84F8F01516D1D24900827B4D /* BWStatusBarOverlay.m in Sources */ = {isa = PBXBuildFile; fileRef = 84F8F00616D1D0C200827B4D /* BWStatusBarOverlay.m */; };
		84F8F01616D1D32500827B4D /* status-bar-progress.png in Resources */ = {isa = PBXBuildFile; fileRef = 84F8F00716D1D0C200827B4D /* status-bar-progress.png */; };
		84F8F01716D1D32500827B4D /* status-bar-progress@2x.png in Resources */ = {isa = PBXBuildFile; fileRef = 84F8F00816D1D0C200827B4D /* status-bar-progress@2x.png */; };
		84F8F01816D1D32500827B4D /* status-bar-pattern-black.jpg in Resources */ = {isa = PBXBuildFile; fileRef = 84F8F00916D1D0C200827B4D /* status-bar-pattern-black.jpg */; };
		84F8F01916D1D32500827B4D /* status-bar-pattern-black@2x.jpg in Resources */ = {isa = PBXBuildFile; fileRef = 84F8F00A16D1D0C200827B4D /* status-bar-pattern-black@2x.jpg */; };
		84F8F01A16D1D32500827B4D /* status-bar-pattern-default.jpg in Resources */ = {isa = PBXBuildFile; fileRef = 84F8F00B16D1D0C200827B4D /* status-bar-pattern-default.jpg */; };
		84F8F01B16D1D32500827B4D /* status-bar-pattern-default@2x.jpg in Resources */ = {isa = PBXBuildFile; fileRef = 84F8F00C16D1D0C200827B4D /* status-bar-pattern-default@2x.jpg */; };
		84F8F02F16D1FB8B00827B4D /* octicons.ttf in Resources */ = {isa = PBXBuildFile; fileRef = 84F8F02E16D1FB8B00827B4D /* octicons.ttf */; };
		84F8F03016D1FB8B00827B4D /* octicons.ttf in Resources */ = {isa = PBXBuildFile; fileRef = 84F8F02E16D1FB8B00827B4D /* octicons.ttf */; };
		84F8F03716D2068600827B4D /* GPScrollingSegmentedControl.m in Sources */ = {isa = PBXBuildFile; fileRef = 84F8F03616D2068600827B4D /* GPScrollingSegmentedControl.m */; };
		84F8F03816D2068600827B4D /* GPScrollingSegmentedControl.m in Sources */ = {isa = PBXBuildFile; fileRef = 84F8F03616D2068600827B4D /* GPScrollingSegmentedControl.m */; };
		84F8F03F16D2175400827B4D /* SSKeychain.m in Sources */ = {isa = PBXBuildFile; fileRef = 84F8F03E16D2175400827B4D /* SSKeychain.m */; };
		84F8F04016D2175400827B4D /* SSKeychain.m in Sources */ = {isa = PBXBuildFile; fileRef = 84F8F03E16D2175400827B4D /* SSKeychain.m */; };
		84F8F04216D217E700827B4D /* Security.framework in Frameworks */ = {isa = PBXBuildFile; fileRef = 84F8F04116D217E700827B4D /* Security.framework */; };
		84FE0DE916D0CE0800A9F360 /* GPRepositoryListViewController.m in Sources */ = {isa = PBXBuildFile; fileRef = 84FE0DE816D0CE0800A9F360 /* GPRepositoryListViewController.m */; };
		84FE0DEE16D0CE2400A9F360 /* GPRepositoryCell.m in Sources */ = {isa = PBXBuildFile; fileRef = 84FE0DED16D0CE2400A9F360 /* GPRepositoryCell.m */; };
/* End PBXBuildFile section */

/* Begin PBXContainerItemProxy section */
		8442C3101668184B007046E3 /* PBXContainerItemProxy */ = {
			isa = PBXContainerItemProxy;
			containerPortal = 8442C2DD1668184B007046E3 /* Project object */;
			proxyType = 1;
			remoteGlobalIDString = 8442C2E41668184B007046E3;
			remoteInfo = GitPad;
		};
		84A156551730C2F8007E6A0D /* PBXContainerItemProxy */ = {
			isa = PBXContainerItemProxy;
			containerPortal = 84DB04371730855F00674C99 /* ReactiveCocoa.xcodeproj */;
			proxyType = 1;
			remoteGlobalIDString = 88F440AA153DAC820097B4C3;
			remoteInfo = "ReactiveCocoa-iOS";
		};
		84C45483175041E0001ECB0F /* PBXContainerItemProxy */ = {
			isa = PBXContainerItemProxy;
			containerPortal = 84C4547B175041CE001ECB0F /* KrakenKit.xcodeproj */;
			proxyType = 1;
			remoteGlobalIDString = 84ADF9D216ADA7C60026F990;
			remoteInfo = "KrakenKit-iOS";
		};
		84C45488175041E1001ECB0F /* PBXContainerItemProxy */ = {
			isa = PBXContainerItemProxy;
			containerPortal = 84C4547B175041CE001ECB0F /* KrakenKit.xcodeproj */;
			proxyType = 2;
			remoteGlobalIDString = 849E9003174D8915005FAB56;
			remoteInfo = KrakenKit;
		};
		84C4548A175041E1001ECB0F /* PBXContainerItemProxy */ = {
			isa = PBXContainerItemProxy;
			containerPortal = 84C4547B175041CE001ECB0F /* KrakenKit.xcodeproj */;
			proxyType = 2;
			remoteGlobalIDString = 84ADF9D316ADA7C60026F990;
			remoteInfo = "KrakenKit-iOS";
		};
		84C4548C175041E1001ECB0F /* PBXContainerItemProxy */ = {
			isa = PBXContainerItemProxy;
			containerPortal = 84C4547B175041CE001ECB0F /* KrakenKit.xcodeproj */;
			proxyType = 2;
			remoteGlobalIDString = 84F2FE6117402DEC001B7683;
			remoteInfo = KrakenKitTests;
		};
		84DB043F1730855F00674C99 /* PBXContainerItemProxy */ = {
			isa = PBXContainerItemProxy;
			containerPortal = 84DB04371730855F00674C99 /* ReactiveCocoa.xcodeproj */;
			proxyType = 2;
			remoteGlobalIDString = 88037F8315056328001A5B19;
			remoteInfo = ReactiveCocoa;
		};
		84DB04411730855F00674C99 /* PBXContainerItemProxy */ = {
			isa = PBXContainerItemProxy;
			containerPortal = 84DB04371730855F00674C99 /* ReactiveCocoa.xcodeproj */;
			proxyType = 2;
			remoteGlobalIDString = 88F440AB153DAC820097B4C3;
			remoteInfo = "ReactiveCocoa-iOS";
		};
		84DB04431730855F00674C99 /* PBXContainerItemProxy */ = {
			isa = PBXContainerItemProxy;
			containerPortal = 84DB04371730855F00674C99 /* ReactiveCocoa.xcodeproj */;
			proxyType = 2;
			remoteGlobalIDString = 88CDF7DC15000FCF00163A9F;
			remoteInfo = ReactiveCocoaTests;
		};
/* End PBXContainerItemProxy section */

/* Begin PBXFileReference section */
		840582EA169F7D920022E4F9 /* MWFSlideNavigationViewController.h */ = {isa = PBXFileReference; fileEncoding = 4; lastKnownFileType = sourcecode.c.h; path = MWFSlideNavigationViewController.h; sourceTree = "<group>"; };
		840582EB169F7D920022E4F9 /* MWFSlideNavigationViewController.m */ = {isa = PBXFileReference; fileEncoding = 4; lastKnownFileType = sourcecode.c.objc; path = MWFSlideNavigationViewController.m; sourceTree = "<group>"; };
		840582EF169F86DE0022E4F9 /* GPNotificationButton.h */ = {isa = PBXFileReference; fileEncoding = 4; lastKnownFileType = sourcecode.c.h; path = GPNotificationButton.h; sourceTree = "<group>"; };
		840582F0169F86DE0022E4F9 /* GPNotificationButton.m */ = {isa = PBXFileReference; fileEncoding = 4; lastKnownFileType = sourcecode.c.objc; path = GPNotificationButton.m; sourceTree = "<group>"; };
		8410AB46169F8FF900E71AC3 /* GPNewsFeedCell.h */ = {isa = PBXFileReference; fileEncoding = 4; lastKnownFileType = sourcecode.c.h; path = GPNewsFeedCell.h; sourceTree = "<group>"; };
		8410AB47169F8FF900E71AC3 /* GPNewsFeedCell.m */ = {isa = PBXFileReference; fileEncoding = 4; lastKnownFileType = sourcecode.c.objc; path = GPNewsFeedCell.m; sourceTree = "<group>"; };
		84339AD21750488100FCC06C /* GPLoginButton.h */ = {isa = PBXFileReference; fileEncoding = 4; lastKnownFileType = sourcecode.c.h; path = GPLoginButton.h; sourceTree = "<group>"; };
		84339AD31750488100FCC06C /* GPLoginButton.m */ = {isa = PBXFileReference; fileEncoding = 4; lastKnownFileType = sourcecode.c.objc; path = GPLoginButton.m; sourceTree = "<group>"; };
		84339AD9175048F500FCC06C /* GPUtilities.h */ = {isa = PBXFileReference; fileEncoding = 4; lastKnownFileType = sourcecode.c.h; path = GPUtilities.h; sourceTree = "<group>"; };
		84339ADA175048F500FCC06C /* GPUtilities.m */ = {isa = PBXFileReference; fileEncoding = 4; lastKnownFileType = sourcecode.c.objc; path = GPUtilities.m; sourceTree = "<group>"; };
		84339ADC17504E9A00FCC06C /* GPLoginTextField.h */ = {isa = PBXFileReference; fileEncoding = 4; lastKnownFileType = sourcecode.c.h; path = GPLoginTextField.h; sourceTree = "<group>"; };
		84339ADD17504E9A00FCC06C /* GPLoginTextField.m */ = {isa = PBXFileReference; fileEncoding = 4; lastKnownFileType = sourcecode.c.objc; path = GPLoginTextField.m; sourceTree = "<group>"; };
		8442C2E51668184B007046E3 /* GitPad.app */ = {isa = PBXFileReference; explicitFileType = wrapper.application; includeInIndex = 0; path = GitPad.app; sourceTree = BUILT_PRODUCTS_DIR; };
		8442C2E81668184B007046E3 /* UIKit.framework */ = {isa = PBXFileReference; lastKnownFileType = wrapper.framework; name = UIKit.framework; path = System/Library/Frameworks/UIKit.framework; sourceTree = SDKROOT; };
		8442C2EA1668184B007046E3 /* Foundation.framework */ = {isa = PBXFileReference; lastKnownFileType = wrapper.framework; name = Foundation.framework; path = System/Library/Frameworks/Foundation.framework; sourceTree = SDKROOT; };
		8442C2EC1668184B007046E3 /* CoreGraphics.framework */ = {isa = PBXFileReference; lastKnownFileType = wrapper.framework; name = CoreGraphics.framework; path = System/Library/Frameworks/CoreGraphics.framework; sourceTree = SDKROOT; };
		8442C2EE1668184B007046E3 /* CoreData.framework */ = {isa = PBXFileReference; lastKnownFileType = wrapper.framework; name = CoreData.framework; path = System/Library/Frameworks/CoreData.framework; sourceTree = SDKROOT; };
		8442C2F21668184B007046E3 /* GitPad-Info.plist */ = {isa = PBXFileReference; lastKnownFileType = text.plist.xml; path = "GitPad-Info.plist"; sourceTree = "<group>"; };
		8442C2F41668184B007046E3 /* en */ = {isa = PBXFileReference; lastKnownFileType = text.plist.strings; name = en; path = en.lproj/InfoPlist.strings; sourceTree = "<group>"; };
		8442C2F61668184B007046E3 /* main.m */ = {isa = PBXFileReference; lastKnownFileType = sourcecode.c.objc; path = main.m; sourceTree = "<group>"; };
		8442C2F81668184B007046E3 /* GitPad-Prefix.pch */ = {isa = PBXFileReference; lastKnownFileType = sourcecode.c.h; path = "GitPad-Prefix.pch"; sourceTree = "<group>"; };
		8442C2F91668184B007046E3 /* GPAppDelegate.h */ = {isa = PBXFileReference; lastKnownFileType = sourcecode.c.h; path = GPAppDelegate.h; sourceTree = "<group>"; };
		8442C2FA1668184B007046E3 /* GPAppDelegate.m */ = {isa = PBXFileReference; lastKnownFileType = sourcecode.c.objc; path = GPAppDelegate.m; sourceTree = "<group>"; };
		8442C2FC1668184B007046E3 /* Default.png */ = {isa = PBXFileReference; lastKnownFileType = image.png; path = Default.png; sourceTree = "<group>"; };
		8442C2FE1668184B007046E3 /* Default@2x.png */ = {isa = PBXFileReference; lastKnownFileType = image.png; path = "Default@2x.png"; sourceTree = "<group>"; };
		8442C3001668184B007046E3 /* Default-568h@2x.png */ = {isa = PBXFileReference; lastKnownFileType = image.png; path = "Default-568h@2x.png"; sourceTree = "<group>"; };
		8442C3031668184B007046E3 /* GitPad.xcdatamodel */ = {isa = PBXFileReference; lastKnownFileType = wrapper.xcdatamodel; path = GitPad.xcdatamodel; sourceTree = "<group>"; };
		8442C30A1668184B007046E3 /* GitPadTests.octest */ = {isa = PBXFileReference; explicitFileType = wrapper.cfbundle; includeInIndex = 0; path = GitPadTests.octest; sourceTree = BUILT_PRODUCTS_DIR; };
		8442C30B1668184B007046E3 /* SenTestingKit.framework */ = {isa = PBXFileReference; lastKnownFileType = wrapper.framework; name = SenTestingKit.framework; path = Library/Frameworks/SenTestingKit.framework; sourceTree = DEVELOPER_DIR; };
		8442C3141668184B007046E3 /* GitPadTests-Info.plist */ = {isa = PBXFileReference; lastKnownFileType = text.plist.xml; path = "GitPadTests-Info.plist"; sourceTree = "<group>"; };
		8442C3161668184B007046E3 /* en */ = {isa = PBXFileReference; lastKnownFileType = text.plist.strings; name = en; path = en.lproj/InfoPlist.strings; sourceTree = "<group>"; };
		8442C3181668184B007046E3 /* GitPadTests.h */ = {isa = PBXFileReference; lastKnownFileType = sourcecode.c.h; path = GitPadTests.h; sourceTree = "<group>"; };
		8442C3191668184B007046E3 /* GitPadTests.m */ = {isa = PBXFileReference; lastKnownFileType = sourcecode.c.objc; path = GitPadTests.m; sourceTree = "<group>"; };
		8442C32316681869007046E3 /* GPNavigationController.h */ = {isa = PBXFileReference; fileEncoding = 4; lastKnownFileType = sourcecode.c.h; path = GPNavigationController.h; sourceTree = "<group>"; };
		8442C32416681869007046E3 /* GPNavigationController.m */ = {isa = PBXFileReference; fileEncoding = 4; lastKnownFileType = sourcecode.c.objc; path = GPNavigationController.m; sourceTree = "<group>"; };
		8442C32616681AF4007046E3 /* QuartzCore.framework */ = {isa = PBXFileReference; lastKnownFileType = wrapper.framework; name = QuartzCore.framework; path = System/Library/Frameworks/QuartzCore.framework; sourceTree = SDKROOT; };
		8442C32816681B76007046E3 /* GPControlCenterViewController.h */ = {isa = PBXFileReference; fileEncoding = 4; lastKnownFileType = sourcecode.c.h; path = GPControlCenterViewController.h; sourceTree = "<group>"; };
		8442C32916681B76007046E3 /* GPControlCenterViewController.m */ = {isa = PBXFileReference; fileEncoding = 4; lastKnownFileType = sourcecode.c.objc; path = GPControlCenterViewController.m; sourceTree = "<group>"; };
		8442C345166821EE007046E3 /* Defaults.plist */ = {isa = PBXFileReference; fileEncoding = 4; lastKnownFileType = text.plist.xml; path = Defaults.plist; sourceTree = "<group>"; };
		8442C34716682283007046E3 /* GPLoginViewController.h */ = {isa = PBXFileReference; fileEncoding = 4; lastKnownFileType = sourcecode.c.h; path = GPLoginViewController.h; sourceTree = "<group>"; };
		8442C34816682284007046E3 /* GPLoginViewController.m */ = {isa = PBXFileReference; fileEncoding = 4; lastKnownFileType = sourcecode.c.objc; path = GPLoginViewController.m; sourceTree = "<group>"; };
		8442C34A16682568007046E3 /* GPNavigationBar.h */ = {isa = PBXFileReference; fileEncoding = 4; lastKnownFileType = sourcecode.c.h; path = GPNavigationBar.h; sourceTree = "<group>"; };
		8442C34B16682568007046E3 /* GPNavigationBar.m */ = {isa = PBXFileReference; fileEncoding = 4; lastKnownFileType = sourcecode.c.objc; path = GPNavigationBar.m; sourceTree = "<group>"; };
		84434FD0167168D8005C7AC4 /* SystemConfiguration.framework */ = {isa = PBXFileReference; lastKnownFileType = wrapper.framework; name = SystemConfiguration.framework; path = System/Library/Frameworks/SystemConfiguration.framework; sourceTree = SDKROOT; };
		8458973616D286F600D129EA /* GPSegment.h */ = {isa = PBXFileReference; fileEncoding = 4; lastKnownFileType = sourcecode.c.h; path = GPSegment.h; sourceTree = "<group>"; };
		8458973716D286F600D129EA /* GPSegment.m */ = {isa = PBXFileReference; fileEncoding = 4; lastKnownFileType = sourcecode.c.objc; path = GPSegment.m; sourceTree = "<group>"; };
		8458973B16D2B0A300D129EA /* GPAccountViewController.h */ = {isa = PBXFileReference; fileEncoding = 4; lastKnownFileType = sourcecode.c.h; path = GPAccountViewController.h; sourceTree = "<group>"; };
		8458973C16D2B0A300D129EA /* GPAccountViewController.m */ = {isa = PBXFileReference; fileEncoding = 4; lastKnownFileType = sourcecode.c.objc; path = GPAccountViewController.m; sourceTree = "<group>"; };
		8458974016D2C43100D129EA /* GPProfileContainerView.h */ = {isa = PBXFileReference; fileEncoding = 4; lastKnownFileType = sourcecode.c.h; path = GPProfileContainerView.h; sourceTree = "<group>"; };
		8458974116D2C43100D129EA /* GPProfileContainerView.m */ = {isa = PBXFileReference; fileEncoding = 4; lastKnownFileType = sourcecode.c.objc; path = GPProfileContainerView.m; sourceTree = "<group>"; };
		8458974F16D2D5FF00D129EA /* SDImageCache.h */ = {isa = PBXFileReference; fileEncoding = 4; lastKnownFileType = sourcecode.c.h; path = SDImageCache.h; sourceTree = "<group>"; };
		8458975016D2D60000D129EA /* SDImageCache.m */ = {isa = PBXFileReference; fileEncoding = 4; lastKnownFileType = sourcecode.c.objc; path = SDImageCache.m; sourceTree = "<group>"; };
		8458975116D2D60000D129EA /* SDWebImageCompat.h */ = {isa = PBXFileReference; fileEncoding = 4; lastKnownFileType = sourcecode.c.h; path = SDWebImageCompat.h; sourceTree = "<group>"; };
		8458975216D2D60000D129EA /* SDWebImageCompat.m */ = {isa = PBXFileReference; fileEncoding = 4; lastKnownFileType = sourcecode.c.objc; path = SDWebImageCompat.m; sourceTree = "<group>"; };
		8458975316D2D60000D129EA /* SDWebImageDecoder.h */ = {isa = PBXFileReference; fileEncoding = 4; lastKnownFileType = sourcecode.c.h; path = SDWebImageDecoder.h; sourceTree = "<group>"; };
		8458975416D2D60000D129EA /* SDWebImageDecoder.m */ = {isa = PBXFileReference; fileEncoding = 4; lastKnownFileType = sourcecode.c.objc; path = SDWebImageDecoder.m; sourceTree = "<group>"; };
		8458975516D2D60000D129EA /* SDWebImageDownloader.h */ = {isa = PBXFileReference; fileEncoding = 4; lastKnownFileType = sourcecode.c.h; path = SDWebImageDownloader.h; sourceTree = "<group>"; };
		8458975616D2D60000D129EA /* SDWebImageDownloader.m */ = {isa = PBXFileReference; fileEncoding = 4; lastKnownFileType = sourcecode.c.objc; path = SDWebImageDownloader.m; sourceTree = "<group>"; };
		8458975716D2D60000D129EA /* SDWebImageDownloaderOperation.h */ = {isa = PBXFileReference; fileEncoding = 4; lastKnownFileType = sourcecode.c.h; path = SDWebImageDownloaderOperation.h; sourceTree = "<group>"; };
		8458975816D2D60000D129EA /* SDWebImageDownloaderOperation.m */ = {isa = PBXFileReference; fileEncoding = 4; lastKnownFileType = sourcecode.c.objc; path = SDWebImageDownloaderOperation.m; sourceTree = "<group>"; };
		8458975916D2D60000D129EA /* SDWebImageManager.h */ = {isa = PBXFileReference; fileEncoding = 4; lastKnownFileType = sourcecode.c.h; path = SDWebImageManager.h; sourceTree = "<group>"; };
		8458975A16D2D60000D129EA /* SDWebImageManager.m */ = {isa = PBXFileReference; fileEncoding = 4; lastKnownFileType = sourcecode.c.objc; path = SDWebImageManager.m; sourceTree = "<group>"; };
		8458975B16D2D60000D129EA /* SDWebImageOperation.h */ = {isa = PBXFileReference; fileEncoding = 4; lastKnownFileType = sourcecode.c.h; path = SDWebImageOperation.h; sourceTree = "<group>"; };
		8458975C16D2D60000D129EA /* SDWebImagePrefetcher.h */ = {isa = PBXFileReference; fileEncoding = 4; lastKnownFileType = sourcecode.c.h; path = SDWebImagePrefetcher.h; sourceTree = "<group>"; };
		8458975D16D2D60000D129EA /* SDWebImagePrefetcher.m */ = {isa = PBXFileReference; fileEncoding = 4; lastKnownFileType = sourcecode.c.objc; path = SDWebImagePrefetcher.m; sourceTree = "<group>"; };
		8458975E16D2D60000D129EA /* UIButton+WebCache.h */ = {isa = PBXFileReference; fileEncoding = 4; lastKnownFileType = sourcecode.c.h; path = "UIButton+WebCache.h"; sourceTree = "<group>"; };
		8458975F16D2D60000D129EA /* UIButton+WebCache.m */ = {isa = PBXFileReference; fileEncoding = 4; lastKnownFileType = sourcecode.c.objc; path = "UIButton+WebCache.m"; sourceTree = "<group>"; };
		8458976016D2D60000D129EA /* UIImageView+WebCache.h */ = {isa = PBXFileReference; fileEncoding = 4; lastKnownFileType = sourcecode.c.h; path = "UIImageView+WebCache.h"; sourceTree = "<group>"; };
		8458976116D2D60000D129EA /* UIImageView+WebCache.m */ = {isa = PBXFileReference; fileEncoding = 4; lastKnownFileType = sourcecode.c.objc; path = "UIImageView+WebCache.m"; sourceTree = "<group>"; };
		8458976C16D2D67F00D129EA /* ImageIO.framework */ = {isa = PBXFileReference; lastKnownFileType = wrapper.framework; name = ImageIO.framework; path = System/Library/Frameworks/ImageIO.framework; sourceTree = SDKROOT; };
		846B205B1671705B00436E90 /* GPConstants.h */ = {isa = PBXFileReference; lastKnownFileType = sourcecode.c.h; path = GPConstants.h; sourceTree = "<group>"; };
		846B205D1671717600436E90 /* GPMainViewController.h */ = {isa = PBXFileReference; fileEncoding = 4; lastKnownFileType = sourcecode.c.h; path = GPMainViewController.h; sourceTree = "<group>"; };
		846B205E1671717700436E90 /* GPMainViewController.m */ = {isa = PBXFileReference; fileEncoding = 4; lastKnownFileType = sourcecode.c.objc; path = GPMainViewController.m; sourceTree = "<group>"; };
		846E858416A61F7F00B0B61D /* MTStatusBarOverlay.h */ = {isa = PBXFileReference; fileEncoding = 4; lastKnownFileType = sourcecode.c.h; path = MTStatusBarOverlay.h; sourceTree = "<group>"; };
		846E858516A61F7F00B0B61D /* MTStatusBarOverlay.m */ = {isa = PBXFileReference; fileEncoding = 4; lastKnownFileType = sourcecode.c.objc; path = MTStatusBarOverlay.m; sourceTree = "<group>"; };
		846F181716C795EC0099BA2C /* NPReachability.h */ = {isa = PBXFileReference; fileEncoding = 4; lastKnownFileType = sourcecode.c.h; path = NPReachability.h; sourceTree = "<group>"; };
		846F181816C795EC0099BA2C /* NPReachability.m */ = {isa = PBXFileReference; fileEncoding = 4; lastKnownFileType = sourcecode.c.objc; path = NPReachability.m; sourceTree = "<group>"; };
		846F181B16C79A110099BA2C /* NoticeView.bundle */ = {isa = PBXFileReference; lastKnownFileType = "wrapper.plug-in"; path = NoticeView.bundle; sourceTree = "<group>"; };
		846F181C16C79A110099BA2C /* NSOperationQueue+WBNoticeExtensions.h */ = {isa = PBXFileReference; fileEncoding = 4; lastKnownFileType = sourcecode.c.h; path = "NSOperationQueue+WBNoticeExtensions.h"; sourceTree = "<group>"; };
		846F181D16C79A110099BA2C /* NSOperationQueue+WBNoticeExtensions.m */ = {isa = PBXFileReference; fileEncoding = 4; lastKnownFileType = sourcecode.c.objc; path = "NSOperationQueue+WBNoticeExtensions.m"; sourceTree = "<group>"; };
		846F181E16C79A110099BA2C /* UILabel+WBExtensions.h */ = {isa = PBXFileReference; fileEncoding = 4; lastKnownFileType = sourcecode.c.h; path = "UILabel+WBExtensions.h"; sourceTree = "<group>"; };
		846F181F16C79A110099BA2C /* UILabel+WBExtensions.m */ = {isa = PBXFileReference; fileEncoding = 4; lastKnownFileType = sourcecode.c.objc; path = "UILabel+WBExtensions.m"; sourceTree = "<group>"; };
		846F182016C79A110099BA2C /* WBBlueGradientView.h */ = {isa = PBXFileReference; fileEncoding = 4; lastKnownFileType = sourcecode.c.h; path = WBBlueGradientView.h; sourceTree = "<group>"; };
		846F182116C79A110099BA2C /* WBBlueGradientView.m */ = {isa = PBXFileReference; fileEncoding = 4; lastKnownFileType = sourcecode.c.objc; path = WBBlueGradientView.m; sourceTree = "<group>"; };
		846F182216C79A110099BA2C /* WBErrorNoticeView.h */ = {isa = PBXFileReference; fileEncoding = 4; lastKnownFileType = sourcecode.c.h; path = WBErrorNoticeView.h; sourceTree = "<group>"; };
		846F182316C79A110099BA2C /* WBErrorNoticeView.m */ = {isa = PBXFileReference; fileEncoding = 4; lastKnownFileType = sourcecode.c.objc; path = WBErrorNoticeView.m; sourceTree = "<group>"; };
		846F182416C79A110099BA2C /* WBGrayGradientView.h */ = {isa = PBXFileReference; fileEncoding = 4; lastKnownFileType = sourcecode.c.h; path = WBGrayGradientView.h; sourceTree = "<group>"; };
		846F182516C79A110099BA2C /* WBGrayGradientView.m */ = {isa = PBXFileReference; fileEncoding = 4; lastKnownFileType = sourcecode.c.objc; path = WBGrayGradientView.m; sourceTree = "<group>"; };
		846F182616C79A110099BA2C /* WBNoticeOperation.h */ = {isa = PBXFileReference; fileEncoding = 4; lastKnownFileType = sourcecode.c.h; path = WBNoticeOperation.h; sourceTree = "<group>"; };
		846F182716C79A110099BA2C /* WBNoticeOperation.m */ = {isa = PBXFileReference; fileEncoding = 4; lastKnownFileType = sourcecode.c.objc; path = WBNoticeOperation.m; sourceTree = "<group>"; };
		846F182816C79A110099BA2C /* WBNoticeView+ForSubclassEyesOnly.h */ = {isa = PBXFileReference; fileEncoding = 4; lastKnownFileType = sourcecode.c.h; path = "WBNoticeView+ForSubclassEyesOnly.h"; sourceTree = "<group>"; };
		846F182916C79A110099BA2C /* WBNoticeView.h */ = {isa = PBXFileReference; fileEncoding = 4; lastKnownFileType = sourcecode.c.h; path = WBNoticeView.h; sourceTree = "<group>"; };
		846F182A16C79A110099BA2C /* WBNoticeView.m */ = {isa = PBXFileReference; fileEncoding = 4; lastKnownFileType = sourcecode.c.objc; path = WBNoticeView.m; sourceTree = "<group>"; };
		846F182B16C79A110099BA2C /* WBRedGradientView.h */ = {isa = PBXFileReference; fileEncoding = 4; lastKnownFileType = sourcecode.c.h; path = WBRedGradientView.h; sourceTree = "<group>"; };
		846F182C16C79A110099BA2C /* WBRedGradientView.m */ = {isa = PBXFileReference; fileEncoding = 4; lastKnownFileType = sourcecode.c.objc; path = WBRedGradientView.m; sourceTree = "<group>"; };
		846F182D16C79A110099BA2C /* WBStickyNoticeView.h */ = {isa = PBXFileReference; fileEncoding = 4; lastKnownFileType = sourcecode.c.h; path = WBStickyNoticeView.h; sourceTree = "<group>"; };
		846F182E16C79A110099BA2C /* WBStickyNoticeView.m */ = {isa = PBXFileReference; fileEncoding = 4; lastKnownFileType = sourcecode.c.objc; path = WBStickyNoticeView.m; sourceTree = "<group>"; };
		846F182F16C79A110099BA2C /* WBSuccessNoticeView.h */ = {isa = PBXFileReference; fileEncoding = 4; lastKnownFileType = sourcecode.c.h; path = WBSuccessNoticeView.h; sourceTree = "<group>"; };
		846F183016C79A110099BA2C /* WBSuccessNoticeView.m */ = {isa = PBXFileReference; fileEncoding = 4; lastKnownFileType = sourcecode.c.objc; path = WBSuccessNoticeView.m; sourceTree = "<group>"; };
		849E8FB9174AE71C005FAB56 /* MobileCoreServices.framework */ = {isa = PBXFileReference; lastKnownFileType = wrapper.framework; name = MobileCoreServices.framework; path = System/Library/Frameworks/MobileCoreServices.framework; sourceTree = SDKROOT; };
		84C4547B175041CE001ECB0F /* KrakenKit.xcodeproj */ = {isa = PBXFileReference; lastKnownFileType = "wrapper.pb-project"; name = KrakenKit.xcodeproj; path = External/KrakenKit/KrakenKit.xcodeproj; sourceTree = "<group>"; };
		84CB8C8B16ADC77D0026AF86 /* <Github-Social-Logo-Outlined>.png */ = {isa = PBXFileReference; lastKnownFileType = image.png; path = "<Github-Social-Logo-Outlined>.png"; sourceTree = "<group>"; };
		84CB8C9216ADCE9B0026AF86 /* NSString+MD5.h */ = {isa = PBXFileReference; fileEncoding = 4; lastKnownFileType = sourcecode.c.h; path = "NSString+MD5.h"; sourceTree = "<group>"; };
		84CB8C9316ADCE9B0026AF86 /* NSString+MD5.m */ = {isa = PBXFileReference; fileEncoding = 4; lastKnownFileType = sourcecode.c.objc; path = "NSString+MD5.m"; sourceTree = "<group>"; };
		84CB8C9416ADCE9B0026AF86 /* PDFView.h */ = {isa = PBXFileReference; fileEncoding = 4; lastKnownFileType = sourcecode.c.h; path = PDFView.h; sourceTree = "<group>"; };
		84CB8C9516ADCE9B0026AF86 /* PDFView.m */ = {isa = PBXFileReference; fileEncoding = 4; lastKnownFileType = sourcecode.c.objc; path = PDFView.m; sourceTree = "<group>"; };
		84CB8C9616ADCE9B0026AF86 /* UIImage+PDF.h */ = {isa = PBXFileReference; fileEncoding = 4; lastKnownFileType = sourcecode.c.h; path = "UIImage+PDF.h"; sourceTree = "<group>"; };
		84CB8C9716ADCE9B0026AF86 /* UIImage+PDF.m */ = {isa = PBXFileReference; fileEncoding = 4; lastKnownFileType = sourcecode.c.objc; path = "UIImage+PDF.m"; sourceTree = "<group>"; };
		84CB8C9816ADCE9B0026AF86 /* UIView+Image.h */ = {isa = PBXFileReference; fileEncoding = 4; lastKnownFileType = sourcecode.c.h; path = "UIView+Image.h"; sourceTree = "<group>"; };
		84CB8C9916ADCE9B0026AF86 /* UIView+Image.m */ = {isa = PBXFileReference; fileEncoding = 4; lastKnownFileType = sourcecode.c.objc; path = "UIView+Image.m"; sourceTree = "<group>"; };
		84CB8C9E16ADCEA50026AF86 /* <Blacktocats>.pdf */ = {isa = PBXFileReference; lastKnownFileType = image.pdf; path = "<Blacktocats>.pdf"; sourceTree = "<group>"; };
		84DB04371730855F00674C99 /* ReactiveCocoa.xcodeproj */ = {isa = PBXFileReference; lastKnownFileType = "wrapper.pb-project"; name = ReactiveCocoa.xcodeproj; path = External/ReactiveCocoa/ReactiveCocoaFramework/ReactiveCocoa.xcodeproj; sourceTree = "<group>"; };
		84F8F00516D1D0C200827B4D /* BWStatusBarOverlay.h */ = {isa = PBXFileReference; fileEncoding = 4; lastKnownFileType = sourcecode.c.h; path = BWStatusBarOverlay.h; sourceTree = "<group>"; };
		84F8F00616D1D0C200827B4D /* BWStatusBarOverlay.m */ = {isa = PBXFileReference; fileEncoding = 4; lastKnownFileType = sourcecode.c.objc; path = BWStatusBarOverlay.m; sourceTree = "<group>"; };
		84F8F00716D1D0C200827B4D /* status-bar-progress.png */ = {isa = PBXFileReference; lastKnownFileType = image.png; path = "status-bar-progress.png"; sourceTree = "<group>"; };
		84F8F00816D1D0C200827B4D /* status-bar-progress@2x.png */ = {isa = PBXFileReference; lastKnownFileType = image.png; path = "status-bar-progress@2x.png"; sourceTree = "<group>"; };
		84F8F00916D1D0C200827B4D /* status-bar-pattern-black.jpg */ = {isa = PBXFileReference; lastKnownFileType = image.jpeg; path = "status-bar-pattern-black.jpg"; sourceTree = "<group>"; };
		84F8F00A16D1D0C200827B4D /* status-bar-pattern-black@2x.jpg */ = {isa = PBXFileReference; lastKnownFileType = image.jpeg; path = "status-bar-pattern-black@2x.jpg"; sourceTree = "<group>"; };
		84F8F00B16D1D0C200827B4D /* status-bar-pattern-default.jpg */ = {isa = PBXFileReference; lastKnownFileType = image.jpeg; path = "status-bar-pattern-default.jpg"; sourceTree = "<group>"; };
		84F8F00C16D1D0C200827B4D /* status-bar-pattern-default@2x.jpg */ = {isa = PBXFileReference; lastKnownFileType = image.jpeg; path = "status-bar-pattern-default@2x.jpg"; sourceTree = "<group>"; };
		84F8F02E16D1FB8B00827B4D /* octicons.ttf */ = {isa = PBXFileReference; lastKnownFileType = file; path = octicons.ttf; sourceTree = "<group>"; };
		84F8F03516D2068500827B4D /* GPScrollingSegmentedControl.h */ = {isa = PBXFileReference; fileEncoding = 4; lastKnownFileType = sourcecode.c.h; path = GPScrollingSegmentedControl.h; sourceTree = "<group>"; };
		84F8F03616D2068600827B4D /* GPScrollingSegmentedControl.m */ = {isa = PBXFileReference; fileEncoding = 4; lastKnownFileType = sourcecode.c.objc; path = GPScrollingSegmentedControl.m; sourceTree = "<group>"; };
		84F8F03D16D2175400827B4D /* SSKeychain.h */ = {isa = PBXFileReference; fileEncoding = 4; lastKnownFileType = sourcecode.c.h; path = SSKeychain.h; sourceTree = "<group>"; };
		84F8F03E16D2175400827B4D /* SSKeychain.m */ = {isa = PBXFileReference; fileEncoding = 4; lastKnownFileType = sourcecode.c.objc; path = SSKeychain.m; sourceTree = "<group>"; };
		84F8F04116D217E700827B4D /* Security.framework */ = {isa = PBXFileReference; lastKnownFileType = wrapper.framework; name = Security.framework; path = System/Library/Frameworks/Security.framework; sourceTree = SDKROOT; };
		84FE0DE716D0CE0800A9F360 /* GPRepositoryListViewController.h */ = {isa = PBXFileReference; fileEncoding = 4; lastKnownFileType = sourcecode.c.h; path = GPRepositoryListViewController.h; sourceTree = "<group>"; };
		84FE0DE816D0CE0800A9F360 /* GPRepositoryListViewController.m */ = {isa = PBXFileReference; fileEncoding = 4; lastKnownFileType = sourcecode.c.objc; path = GPRepositoryListViewController.m; sourceTree = "<group>"; };
		84FE0DEC16D0CE2400A9F360 /* GPRepositoryCell.h */ = {isa = PBXFileReference; fileEncoding = 4; lastKnownFileType = sourcecode.c.h; path = GPRepositoryCell.h; sourceTree = "<group>"; };
		84FE0DED16D0CE2400A9F360 /* GPRepositoryCell.m */ = {isa = PBXFileReference; fileEncoding = 4; lastKnownFileType = sourcecode.c.objc; path = GPRepositoryCell.m; sourceTree = "<group>"; };
/* End PBXFileReference section */

/* Begin PBXFrameworksBuildPhase section */
		8442C2E21668184B007046E3 /* Frameworks */ = {
			isa = PBXFrameworksBuildPhase;
			buildActionMask = 2147483647;
			files = (
				84C4548E175041E7001ECB0F /* libKrakenKit-iOS.a in Frameworks */,
				84A156571730C2FF007E6A0D /* libReactiveCocoa-iOS.a in Frameworks */,
				8458976D16D2D68000D129EA /* ImageIO.framework in Frameworks */,
				84F8F04216D217E700827B4D /* Security.framework in Frameworks */,
				84434FD1167168D8005C7AC4 /* SystemConfiguration.framework in Frameworks */,
				849E8FBA174AE71C005FAB56 /* MobileCoreServices.framework in Frameworks */,
				8442C32716681AF4007046E3 /* QuartzCore.framework in Frameworks */,
				8442C2E91668184B007046E3 /* UIKit.framework in Frameworks */,
				8442C2EB1668184B007046E3 /* Foundation.framework in Frameworks */,
				8442C2ED1668184B007046E3 /* CoreGraphics.framework in Frameworks */,
				8442C2EF1668184B007046E3 /* CoreData.framework in Frameworks */,
			);
			runOnlyForDeploymentPostprocessing = 0;
		};
		8442C3061668184B007046E3 /* Frameworks */ = {
			isa = PBXFrameworksBuildPhase;
			buildActionMask = 2147483647;
			files = (
				8442C30C1668184B007046E3 /* SenTestingKit.framework in Frameworks */,
				8442C30D1668184B007046E3 /* UIKit.framework in Frameworks */,
				8442C30E1668184B007046E3 /* Foundation.framework in Frameworks */,
				8442C30F1668184B007046E3 /* CoreData.framework in Frameworks */,
			);
			runOnlyForDeploymentPostprocessing = 0;
		};
/* End PBXFrameworksBuildPhase section */

/* Begin PBXGroup section */
		8442C2DC1668184B007046E3 = {
			isa = PBXGroup;
			children = (
				84C4547B175041CE001ECB0F /* KrakenKit.xcodeproj */,
				84DB04371730855F00674C99 /* ReactiveCocoa.xcodeproj */,
				8442C2F01668184B007046E3 /* GitPad */,
				8442C3121668184B007046E3 /* GitPadTests */,
				8442C2E71668184B007046E3 /* Frameworks */,
				8442C2E61668184B007046E3 /* Products */,
			);
			sourceTree = "<group>";
		};
		8442C2E61668184B007046E3 /* Products */ = {
			isa = PBXGroup;
			children = (
				8442C2E51668184B007046E3 /* GitPad.app */,
				8442C30A1668184B007046E3 /* GitPadTests.octest */,
			);
			name = Products;
			sourceTree = "<group>";
		};
		8442C2E71668184B007046E3 /* Frameworks */ = {
			isa = PBXGroup;
			children = (
				849E8FB9174AE71C005FAB56 /* MobileCoreServices.framework */,
				84434FD0167168D8005C7AC4 /* SystemConfiguration.framework */,
				8458976C16D2D67F00D129EA /* ImageIO.framework */,
				84F8F04116D217E700827B4D /* Security.framework */,
				8442C32616681AF4007046E3 /* QuartzCore.framework */,
				8442C2E81668184B007046E3 /* UIKit.framework */,
				8442C2EA1668184B007046E3 /* Foundation.framework */,
				8442C2EC1668184B007046E3 /* CoreGraphics.framework */,
				8442C2EE1668184B007046E3 /* CoreData.framework */,
				8442C30B1668184B007046E3 /* SenTestingKit.framework */,
			);
			name = Frameworks;
			sourceTree = "<group>";
		};
		8442C2F01668184B007046E3 /* GitPad */ = {
			isa = PBXGroup;
			children = (
				8442C2F91668184B007046E3 /* GPAppDelegate.h */,
				8442C2FA1668184B007046E3 /* GPAppDelegate.m */,
				846B205B1671705B00436E90 /* GPConstants.h */,
				84339AD9175048F500FCC06C /* GPUtilities.h */,
				84339ADA175048F500FCC06C /* GPUtilities.m */,
				846F181716C795EC0099BA2C /* NPReachability.h */,
				846F181816C795EC0099BA2C /* NPReachability.m */,
				846B205D1671717600436E90 /* GPMainViewController.h */,
				846B205E1671717700436E90 /* GPMainViewController.m */,
				8410AB46169F8FF900E71AC3 /* GPNewsFeedCell.h */,
				8410AB47169F8FF900E71AC3 /* GPNewsFeedCell.m */,
				84F8F03516D2068500827B4D /* GPScrollingSegmentedControl.h */,
				84F8F03616D2068600827B4D /* GPScrollingSegmentedControl.m */,
				8458973616D286F600D129EA /* GPSegment.h */,
				8458973716D286F600D129EA /* GPSegment.m */,
				8458973F16D2C40D00D129EA /* Account View Controller */,
				84F8F01C16D1D4A500827B4D /* Repository View Controller */,
				840582EF169F86DE0022E4F9 /* GPNotificationButton.h */,
				840582F0169F86DE0022E4F9 /* GPNotificationButton.m */,
				8442C32816681B76007046E3 /* GPControlCenterViewController.h */,
				8442C32916681B76007046E3 /* GPControlCenterViewController.m */,
				8442C34716682283007046E3 /* GPLoginViewController.h */,
				8442C34816682284007046E3 /* GPLoginViewController.m */,
				84339AD21750488100FCC06C /* GPLoginButton.h */,
				84339AD31750488100FCC06C /* GPLoginButton.m */,
				84339ADC17504E9A00FCC06C /* GPLoginTextField.h */,
				84339ADD17504E9A00FCC06C /* GPLoginTextField.m */,
				840582EA169F7D920022E4F9 /* MWFSlideNavigationViewController.h */,
				840582EB169F7D920022E4F9 /* MWFSlideNavigationViewController.m */,
				846E858416A61F7F00B0B61D /* MTStatusBarOverlay.h */,
				846E858516A61F7F00B0B61D /* MTStatusBarOverlay.m */,
				8458974C16D2D5FF00D129EA /* SDWebImage */,
				8458973E16D2B0AE00D129EA /* SSKeychain */,
				84F8F01416D1D0CF00827B4D /* BWStatusBarOverlay */,
				846F181A16C79A110099BA2C /* WBNoticeView */,
				84CB8C9116ADCE9B0026AF86 /* UIImage+PDF */,
				846B205C1671710100436E90 /* GPNavigationController */,
				8442C2F11668184B007046E3 /* Supporting Files */,
			);
			path = GitPad;
			sourceTree = "<group>";
		};
		8442C2F11668184B007046E3 /* Supporting Files */ = {
			isa = PBXGroup;
			children = (
				84F8F02E16D1FB8B00827B4D /* octicons.ttf */,
				84CB8C8B16ADC77D0026AF86 /* <Github-Social-Logo-Outlined>.png */,
				84CB8C9E16ADCEA50026AF86 /* <Blacktocats>.pdf */,
				8442C3021668184B007046E3 /* GitPad.xcdatamodeld */,
				8442C2F21668184B007046E3 /* GitPad-Info.plist */,
				8442C345166821EE007046E3 /* Defaults.plist */,
				8442C2F31668184B007046E3 /* InfoPlist.strings */,
				8442C2F61668184B007046E3 /* main.m */,
				8442C2F81668184B007046E3 /* GitPad-Prefix.pch */,
				8442C2FC1668184B007046E3 /* Default.png */,
				8442C2FE1668184B007046E3 /* Default@2x.png */,
				8442C3001668184B007046E3 /* Default-568h@2x.png */,
			);
			name = "Supporting Files";
			sourceTree = "<group>";
		};
		8442C3121668184B007046E3 /* GitPadTests */ = {
			isa = PBXGroup;
			children = (
				8442C3181668184B007046E3 /* GitPadTests.h */,
				8442C3191668184B007046E3 /* GitPadTests.m */,
				8442C3131668184B007046E3 /* Supporting Files */,
			);
			path = GitPadTests;
			sourceTree = "<group>";
		};
		8442C3131668184B007046E3 /* Supporting Files */ = {
			isa = PBXGroup;
			children = (
				8442C3141668184B007046E3 /* GitPadTests-Info.plist */,
				8442C3151668184B007046E3 /* InfoPlist.strings */,
			);
			name = "Supporting Files";
			sourceTree = "<group>";
		};
		8458973E16D2B0AE00D129EA /* SSKeychain */ = {
			isa = PBXGroup;
			children = (
				84F8F03D16D2175400827B4D /* SSKeychain.h */,
				84F8F03E16D2175400827B4D /* SSKeychain.m */,
			);
			name = SSKeychain;
			sourceTree = "<group>";
		};
		8458973F16D2C40D00D129EA /* Account View Controller */ = {
			isa = PBXGroup;
			children = (
				8458973B16D2B0A300D129EA /* GPAccountViewController.h */,
				8458973C16D2B0A300D129EA /* GPAccountViewController.m */,
				8458974016D2C43100D129EA /* GPProfileContainerView.h */,
				8458974116D2C43100D129EA /* GPProfileContainerView.m */,
			);
			name = "Account View Controller";
			sourceTree = "<group>";
		};
		8458974C16D2D5FF00D129EA /* SDWebImage */ = {
			isa = PBXGroup;
			children = (
				8458974F16D2D5FF00D129EA /* SDImageCache.h */,
				8458975016D2D60000D129EA /* SDImageCache.m */,
				8458975116D2D60000D129EA /* SDWebImageCompat.h */,
				8458975216D2D60000D129EA /* SDWebImageCompat.m */,
				8458975316D2D60000D129EA /* SDWebImageDecoder.h */,
				8458975416D2D60000D129EA /* SDWebImageDecoder.m */,
				8458975516D2D60000D129EA /* SDWebImageDownloader.h */,
				8458975616D2D60000D129EA /* SDWebImageDownloader.m */,
				8458975716D2D60000D129EA /* SDWebImageDownloaderOperation.h */,
				8458975816D2D60000D129EA /* SDWebImageDownloaderOperation.m */,
				8458975916D2D60000D129EA /* SDWebImageManager.h */,
				8458975A16D2D60000D129EA /* SDWebImageManager.m */,
				8458975B16D2D60000D129EA /* SDWebImageOperation.h */,
				8458975C16D2D60000D129EA /* SDWebImagePrefetcher.h */,
				8458975D16D2D60000D129EA /* SDWebImagePrefetcher.m */,
				8458975E16D2D60000D129EA /* UIButton+WebCache.h */,
				8458975F16D2D60000D129EA /* UIButton+WebCache.m */,
				8458976016D2D60000D129EA /* UIImageView+WebCache.h */,
				8458976116D2D60000D129EA /* UIImageView+WebCache.m */,
			);
			path = SDWebImage;
			sourceTree = "<group>";
		};
		846B205C1671710100436E90 /* GPNavigationController */ = {
			isa = PBXGroup;
			children = (
				8442C32316681869007046E3 /* GPNavigationController.h */,
				8442C32416681869007046E3 /* GPNavigationController.m */,
				8442C34A16682568007046E3 /* GPNavigationBar.h */,
				8442C34B16682568007046E3 /* GPNavigationBar.m */,
			);
			name = GPNavigationController;
			sourceTree = "<group>";
		};
		846F181A16C79A110099BA2C /* WBNoticeView */ = {
			isa = PBXGroup;
			children = (
				846F181B16C79A110099BA2C /* NoticeView.bundle */,
				846F181C16C79A110099BA2C /* NSOperationQueue+WBNoticeExtensions.h */,
				846F181D16C79A110099BA2C /* NSOperationQueue+WBNoticeExtensions.m */,
				846F181E16C79A110099BA2C /* UILabel+WBExtensions.h */,
				846F181F16C79A110099BA2C /* UILabel+WBExtensions.m */,
				846F182016C79A110099BA2C /* WBBlueGradientView.h */,
				846F182116C79A110099BA2C /* WBBlueGradientView.m */,
				846F182216C79A110099BA2C /* WBErrorNoticeView.h */,
				846F182316C79A110099BA2C /* WBErrorNoticeView.m */,
				846F182416C79A110099BA2C /* WBGrayGradientView.h */,
				846F182516C79A110099BA2C /* WBGrayGradientView.m */,
				846F182616C79A110099BA2C /* WBNoticeOperation.h */,
				846F182716C79A110099BA2C /* WBNoticeOperation.m */,
				846F182816C79A110099BA2C /* WBNoticeView+ForSubclassEyesOnly.h */,
				846F182916C79A110099BA2C /* WBNoticeView.h */,
				846F182A16C79A110099BA2C /* WBNoticeView.m */,
				846F182B16C79A110099BA2C /* WBRedGradientView.h */,
				846F182C16C79A110099BA2C /* WBRedGradientView.m */,
				846F182D16C79A110099BA2C /* WBStickyNoticeView.h */,
				846F182E16C79A110099BA2C /* WBStickyNoticeView.m */,
				846F182F16C79A110099BA2C /* WBSuccessNoticeView.h */,
				846F183016C79A110099BA2C /* WBSuccessNoticeView.m */,
			);
			path = WBNoticeView;
			sourceTree = "<group>";
		};
		84C4547C175041CE001ECB0F /* Products */ = {
			isa = PBXGroup;
			children = (
				84C45489175041E1001ECB0F /* KrakenKit.framework */,
				84C4548B175041E1001ECB0F /* libKrakenKit-iOS.a */,
				84C4548D175041E1001ECB0F /* KrakenKitTests.octest */,
			);
			name = Products;
			sourceTree = "<group>";
		};
		84CB8C9116ADCE9B0026AF86 /* UIImage+PDF */ = {
			isa = PBXGroup;
			children = (
				84CB8C9216ADCE9B0026AF86 /* NSString+MD5.h */,
				84CB8C9316ADCE9B0026AF86 /* NSString+MD5.m */,
				84CB8C9416ADCE9B0026AF86 /* PDFView.h */,
				84CB8C9516ADCE9B0026AF86 /* PDFView.m */,
				84CB8C9616ADCE9B0026AF86 /* UIImage+PDF.h */,
				84CB8C9716ADCE9B0026AF86 /* UIImage+PDF.m */,
				84CB8C9816ADCE9B0026AF86 /* UIView+Image.h */,
				84CB8C9916ADCE9B0026AF86 /* UIView+Image.m */,
			);
			path = "UIImage+PDF";
			sourceTree = "<group>";
		};
		84DB04381730855F00674C99 /* Products */ = {
			isa = PBXGroup;
			children = (
				84DB04401730855F00674C99 /* ReactiveCocoa.framework */,
				84DB04421730855F00674C99 /* libReactiveCocoa-iOS.a */,
				84DB04441730855F00674C99 /* ReactiveCocoaTests.octest */,
			);
			name = Products;
			sourceTree = "<group>";
		};
		84F8F01416D1D0CF00827B4D /* BWStatusBarOverlay */ = {
			isa = PBXGroup;
			children = (
				84F8F00516D1D0C200827B4D /* BWStatusBarOverlay.h */,
				84F8F00616D1D0C200827B4D /* BWStatusBarOverlay.m */,
				84F8F00716D1D0C200827B4D /* status-bar-progress.png */,
				84F8F00816D1D0C200827B4D /* status-bar-progress@2x.png */,
				84F8F00916D1D0C200827B4D /* status-bar-pattern-black.jpg */,
				84F8F00A16D1D0C200827B4D /* status-bar-pattern-black@2x.jpg */,
				84F8F00B16D1D0C200827B4D /* status-bar-pattern-default.jpg */,
				84F8F00C16D1D0C200827B4D /* status-bar-pattern-default@2x.jpg */,
			);
			name = BWStatusBarOverlay;
			sourceTree = "<group>";
		};
		84F8F01C16D1D4A500827B4D /* Repository View Controller */ = {
			isa = PBXGroup;
			children = (
				84FE0DE716D0CE0800A9F360 /* GPRepositoryListViewController.h */,
				84FE0DE816D0CE0800A9F360 /* GPRepositoryListViewController.m */,
				84FE0DEC16D0CE2400A9F360 /* GPRepositoryCell.h */,
				84FE0DED16D0CE2400A9F360 /* GPRepositoryCell.m */,
			);
			name = "Repository View Controller";
			sourceTree = "<group>";
		};
/* End PBXGroup section */

/* Begin PBXNativeTarget section */
		8442C2E41668184B007046E3 /* GitPad */ = {
			isa = PBXNativeTarget;
			buildConfigurationList = 8442C31D1668184B007046E3 /* Build configuration list for PBXNativeTarget "GitPad" */;
			buildPhases = (
				8442C2E11668184B007046E3 /* Sources */,
				8442C2E21668184B007046E3 /* Frameworks */,
				8442C2E31668184B007046E3 /* Resources */,
			);
			buildRules = (
			);
			dependencies = (
				84C45484175041E0001ECB0F /* PBXTargetDependency */,
				84A156561730C2F8007E6A0D /* PBXTargetDependency */,
			);
			name = GitPad;
			productName = GitPad;
			productReference = 8442C2E51668184B007046E3 /* GitPad.app */;
			productType = "com.apple.product-type.application";
		};
		8442C3091668184B007046E3 /* GitPadTests */ = {
			isa = PBXNativeTarget;
			buildConfigurationList = 8442C3201668184B007046E3 /* Build configuration list for PBXNativeTarget "GitPadTests" */;
			buildPhases = (
				8442C3051668184B007046E3 /* Sources */,
				8442C3061668184B007046E3 /* Frameworks */,
				8442C3071668184B007046E3 /* Resources */,
				8442C3081668184B007046E3 /* ShellScript */,
			);
			buildRules = (
			);
			dependencies = (
				8442C3111668184B007046E3 /* PBXTargetDependency */,
			);
			name = GitPadTests;
			productName = GitPadTests;
			productReference = 8442C30A1668184B007046E3 /* GitPadTests.octest */;
			productType = "com.apple.product-type.bundle";
		};
/* End PBXNativeTarget section */

/* Begin PBXProject section */
		8442C2DD1668184B007046E3 /* Project object */ = {
			isa = PBXProject;
			attributes = {
				CLASSPREFIX = GP;
				LastUpgradeCheck = 0460;
				ORGANIZATIONNAME = CodaFi;
			};
			buildConfigurationList = 8442C2E01668184B007046E3 /* Build configuration list for PBXProject "GitPad" */;
			compatibilityVersion = "Xcode 3.2";
			developmentRegion = English;
			hasScannedForEncodings = 0;
			knownRegions = (
				en,
			);
			mainGroup = 8442C2DC1668184B007046E3;
			productRefGroup = 8442C2E61668184B007046E3 /* Products */;
			projectDirPath = "";
			projectReferences = (
				{
					ProductGroup = 84C4547C175041CE001ECB0F /* Products */;
					ProjectRef = 84C4547B175041CE001ECB0F /* KrakenKit.xcodeproj */;
				},
				{
					ProductGroup = 84DB04381730855F00674C99 /* Products */;
					ProjectRef = 84DB04371730855F00674C99 /* ReactiveCocoa.xcodeproj */;
				},
			);
			projectRoot = "";
			targets = (
				8442C2E41668184B007046E3 /* GitPad */,
				8442C3091668184B007046E3 /* GitPadTests */,
			);
		};
/* End PBXProject section */

/* Begin PBXReferenceProxy section */
		84C45489175041E1001ECB0F /* KrakenKit.framework */ = {
			isa = PBXReferenceProxy;
			fileType = wrapper.framework;
			path = KrakenKit.framework;
			remoteRef = 84C45488175041E1001ECB0F /* PBXContainerItemProxy */;
			sourceTree = BUILT_PRODUCTS_DIR;
		};
		84C4548B175041E1001ECB0F /* libKrakenKit-iOS.a */ = {
			isa = PBXReferenceProxy;
			fileType = archive.ar;
			path = "libKrakenKit-iOS.a";
			remoteRef = 84C4548A175041E1001ECB0F /* PBXContainerItemProxy */;
			sourceTree = BUILT_PRODUCTS_DIR;
		};
		84C4548D175041E1001ECB0F /* KrakenKitTests.octest */ = {
			isa = PBXReferenceProxy;
			fileType = wrapper.cfbundle;
			path = KrakenKitTests.octest;
			remoteRef = 84C4548C175041E1001ECB0F /* PBXContainerItemProxy */;
			sourceTree = BUILT_PRODUCTS_DIR;
		};
		84DB04401730855F00674C99 /* ReactiveCocoa.framework */ = {
			isa = PBXReferenceProxy;
			fileType = wrapper.framework;
			path = ReactiveCocoa.framework;
			remoteRef = 84DB043F1730855F00674C99 /* PBXContainerItemProxy */;
			sourceTree = BUILT_PRODUCTS_DIR;
		};
		84DB04421730855F00674C99 /* libReactiveCocoa-iOS.a */ = {
			isa = PBXReferenceProxy;
			fileType = archive.ar;
			path = "libReactiveCocoa-iOS.a";
			remoteRef = 84DB04411730855F00674C99 /* PBXContainerItemProxy */;
			sourceTree = BUILT_PRODUCTS_DIR;
		};
		84DB04441730855F00674C99 /* ReactiveCocoaTests.octest */ = {
			isa = PBXReferenceProxy;
			fileType = wrapper.cfbundle;
			path = ReactiveCocoaTests.octest;
			remoteRef = 84DB04431730855F00674C99 /* PBXContainerItemProxy */;
			sourceTree = BUILT_PRODUCTS_DIR;
		};
/* End PBXReferenceProxy section */

/* Begin PBXResourcesBuildPhase section */
		8442C2E31668184B007046E3 /* Resources */ = {
			isa = PBXResourcesBuildPhase;
			buildActionMask = 2147483647;
			files = (
				84F8F01616D1D32500827B4D /* status-bar-progress.png in Resources */,
				84F8F01716D1D32500827B4D /* status-bar-progress@2x.png in Resources */,
				84F8F01816D1D32500827B4D /* status-bar-pattern-black.jpg in Resources */,
				84F8F01916D1D32500827B4D /* status-bar-pattern-black@2x.jpg in Resources */,
				84F8F01A16D1D32500827B4D /* status-bar-pattern-default.jpg in Resources */,
				84F8F01B16D1D32500827B4D /* status-bar-pattern-default@2x.jpg in Resources */,
				8442C2F51668184B007046E3 /* InfoPlist.strings in Resources */,
				8442C2FD1668184B007046E3 /* Default.png in Resources */,
				8442C2FF1668184B007046E3 /* Default@2x.png in Resources */,
				8442C3011668184B007046E3 /* Default-568h@2x.png in Resources */,
				8442C346166821EE007046E3 /* Defaults.plist in Resources */,
				84CB8C8C16ADC77D0026AF86 /* <Github-Social-Logo-Outlined>.png in Resources */,
				84CB8C9F16ADCEA60026AF86 /* <Blacktocats>.pdf in Resources */,
				846F183116C79A110099BA2C /* NoticeView.bundle in Resources */,
				84F8F02F16D1FB8B00827B4D /* octicons.ttf in Resources */,
			);
			runOnlyForDeploymentPostprocessing = 0;
		};
		8442C3071668184B007046E3 /* Resources */ = {
			isa = PBXResourcesBuildPhase;
			buildActionMask = 2147483647;
			files = (
				8442C3171668184B007046E3 /* InfoPlist.strings in Resources */,
				84F8F00E16D1D0C200827B4D /* status-bar-progress.png in Resources */,
				84F8F00F16D1D0C200827B4D /* status-bar-progress@2x.png in Resources */,
				84F8F01016D1D0C200827B4D /* status-bar-pattern-black.jpg in Resources */,
				84F8F01116D1D0C200827B4D /* status-bar-pattern-black@2x.jpg in Resources */,
				84F8F01216D1D0C200827B4D /* status-bar-pattern-default.jpg in Resources */,
				84F8F01316D1D0C200827B4D /* status-bar-pattern-default@2x.jpg in Resources */,
				84F8F03016D1FB8B00827B4D /* octicons.ttf in Resources */,
			);
			runOnlyForDeploymentPostprocessing = 0;
		};
/* End PBXResourcesBuildPhase section */

/* Begin PBXShellScriptBuildPhase section */
		8442C3081668184B007046E3 /* ShellScript */ = {
			isa = PBXShellScriptBuildPhase;
			buildActionMask = 2147483647;
			files = (
			);
			inputPaths = (
			);
			outputPaths = (
			);
			runOnlyForDeploymentPostprocessing = 0;
			shellPath = /bin/sh;
			shellScript = "# Run the unit tests in this test bundle.\n\"${SYSTEM_DEVELOPER_DIR}/Tools/RunUnitTests\"\n";
		};
/* End PBXShellScriptBuildPhase section */

/* Begin PBXSourcesBuildPhase section */
		8442C2E11668184B007046E3 /* Sources */ = {
			isa = PBXSourcesBuildPhase;
			buildActionMask = 2147483647;
			files = (
				84F8F01516D1D24900827B4D /* BWStatusBarOverlay.m in Sources */,
				8442C2F71668184B007046E3 /* main.m in Sources */,
				8442C2FB1668184B007046E3 /* GPAppDelegate.m in Sources */,
				8442C3041668184B007046E3 /* GitPad.xcdatamodeld in Sources */,
				8442C32516681869007046E3 /* GPNavigationController.m in Sources */,
				8442C32A16681B76007046E3 /* GPControlCenterViewController.m in Sources */,
				8442C34916682284007046E3 /* GPLoginViewController.m in Sources */,
				8442C34C16682568007046E3 /* GPNavigationBar.m in Sources */,
				846B205F1671717700436E90 /* GPMainViewController.m in Sources */,
				840582EC169F7D920022E4F9 /* MWFSlideNavigationViewController.m in Sources */,
				840582F1169F86DE0022E4F9 /* GPNotificationButton.m in Sources */,
				8410AB48169F8FF900E71AC3 /* GPNewsFeedCell.m in Sources */,
				84CB8C9A16ADCE9B0026AF86 /* NSString+MD5.m in Sources */,
				84CB8C9B16ADCE9B0026AF86 /* PDFView.m in Sources */,
				84CB8C9C16ADCE9B0026AF86 /* UIImage+PDF.m in Sources */,
				84CB8C9D16ADCE9B0026AF86 /* UIView+Image.m in Sources */,
				846F181916C795EC0099BA2C /* NPReachability.m in Sources */,
				846F183216C79A110099BA2C /* NSOperationQueue+WBNoticeExtensions.m in Sources */,
				846F183316C79A110099BA2C /* UILabel+WBExtensions.m in Sources */,
				846F183416C79A110099BA2C /* WBBlueGradientView.m in Sources */,
				846F183516C79A110099BA2C /* WBErrorNoticeView.m in Sources */,
				846F183616C79A110099BA2C /* WBGrayGradientView.m in Sources */,
				846F183716C79A110099BA2C /* WBNoticeOperation.m in Sources */,
				846F183816C79A110099BA2C /* WBNoticeView.m in Sources */,
				846F183916C79A110099BA2C /* WBRedGradientView.m in Sources */,
				846F183A16C79A110099BA2C /* WBStickyNoticeView.m in Sources */,
				846F183B16C79A110099BA2C /* WBSuccessNoticeView.m in Sources */,
				84FE0DE916D0CE0800A9F360 /* GPRepositoryListViewController.m in Sources */,
				84FE0DEE16D0CE2400A9F360 /* GPRepositoryCell.m in Sources */,
				84F8F03716D2068600827B4D /* GPScrollingSegmentedControl.m in Sources */,
				84F8F03F16D2175400827B4D /* SSKeychain.m in Sources */,
				8458973816D286F600D129EA /* GPSegment.m in Sources */,
				8458973D16D2B0A300D129EA /* GPAccountViewController.m in Sources */,
				8458974216D2C43100D129EA /* GPProfileContainerView.m in Sources */,
				8458976316D2D60000D129EA /* SDImageCache.m in Sources */,
				8458976416D2D60000D129EA /* SDWebImageCompat.m in Sources */,
				8458976516D2D60000D129EA /* SDWebImageDecoder.m in Sources */,
				8458976616D2D60000D129EA /* SDWebImageDownloader.m in Sources */,
				8458976716D2D60000D129EA /* SDWebImageDownloaderOperation.m in Sources */,
				8458976816D2D60000D129EA /* SDWebImageManager.m in Sources */,
				8458976916D2D60000D129EA /* SDWebImagePrefetcher.m in Sources */,
				8458976A16D2D60000D129EA /* UIButton+WebCache.m in Sources */,
				8458976B16D2D60000D129EA /* UIImageView+WebCache.m in Sources */,
				84339AD41750488100FCC06C /* GPLoginButton.m in Sources */,
				84339ADB175048F500FCC06C /* GPUtilities.m in Sources */,
				84339ADE17504E9A00FCC06C /* GPLoginTextField.m in Sources */,
			);
			runOnlyForDeploymentPostprocessing = 0;
		};
		8442C3051668184B007046E3 /* Sources */ = {
			isa = PBXSourcesBuildPhase;
			buildActionMask = 2147483647;
			files = (
				8442C31A1668184B007046E3 /* GitPadTests.m in Sources */,
				840582ED169F7D920022E4F9 /* MWFSlideNavigationViewController.m in Sources */,
				840582F2169F86DE0022E4F9 /* GPNotificationButton.m in Sources */,
				846E858616A61F7F00B0B61D /* MTStatusBarOverlay.m in Sources */,
				84F8F00D16D1D0C200827B4D /* BWStatusBarOverlay.m in Sources */,
				84F8F03816D2068600827B4D /* GPScrollingSegmentedControl.m in Sources */,
				84F8F04016D2175400827B4D /* SSKeychain.m in Sources */,
			);
			runOnlyForDeploymentPostprocessing = 0;
		};
/* End PBXSourcesBuildPhase section */

/* Begin PBXTargetDependency section */
		8442C3111668184B007046E3 /* PBXTargetDependency */ = {
			isa = PBXTargetDependency;
			target = 8442C2E41668184B007046E3 /* GitPad */;
			targetProxy = 8442C3101668184B007046E3 /* PBXContainerItemProxy */;
		};
		84A156561730C2F8007E6A0D /* PBXTargetDependency */ = {
			isa = PBXTargetDependency;
			name = "ReactiveCocoa-iOS";
			targetProxy = 84A156551730C2F8007E6A0D /* PBXContainerItemProxy */;
		};
		84C45484175041E0001ECB0F /* PBXTargetDependency */ = {
			isa = PBXTargetDependency;
			name = "KrakenKit-iOS";
			targetProxy = 84C45483175041E0001ECB0F /* PBXContainerItemProxy */;
		};
/* End PBXTargetDependency section */

/* Begin PBXVariantGroup section */
		8442C2F31668184B007046E3 /* InfoPlist.strings */ = {
			isa = PBXVariantGroup;
			children = (
				8442C2F41668184B007046E3 /* en */,
			);
			name = InfoPlist.strings;
			sourceTree = "<group>";
		};
		8442C3151668184B007046E3 /* InfoPlist.strings */ = {
			isa = PBXVariantGroup;
			children = (
				8442C3161668184B007046E3 /* en */,
			);
			name = InfoPlist.strings;
			sourceTree = "<group>";
		};
/* End PBXVariantGroup section */

/* Begin XCBuildConfiguration section */
		8442C31B1668184B007046E3 /* Debug */ = {
			isa = XCBuildConfiguration;
			buildSettings = {
				ALWAYS_SEARCH_USER_PATHS = NO;
				CLANG_CXX_LANGUAGE_STANDARD = "gnu++0x";
				CLANG_CXX_LIBRARY = "libc++";
				CLANG_ENABLE_OBJC_ARC = YES;
				CLANG_WARN_CONSTANT_CONVERSION = YES;
				CLANG_WARN_DEPRECATED_OBJC_IMPLEMENTATIONS = YES;
				CLANG_WARN_EMPTY_BODY = YES;
				CLANG_WARN_INT_CONVERSION = YES;
				CLANG_WARN__DUPLICATE_METHOD_MATCH = YES;
				"CODE_SIGN_IDENTITY[sdk=iphoneos*]" = "iPhone Developer";
				COPY_PHASE_STRIP = NO;
				GCC_C_LANGUAGE_STANDARD = gnu99;
				GCC_DYNAMIC_NO_PIC = NO;
				GCC_OPTIMIZATION_LEVEL = 0;
				GCC_PREPROCESSOR_DEFINITIONS = (
					"DEBUG=1",
					"$(inherited)",
				);
				GCC_STRICT_ALIASING = YES;
				GCC_SYMBOLS_PRIVATE_EXTERN = NO;
				GCC_WARN_ABOUT_RETURN_TYPE = YES;
				GCC_WARN_UNINITIALIZED_AUTOS = YES;
				GCC_WARN_UNUSED_VARIABLE = YES;
				IPHONEOS_DEPLOYMENT_TARGET = 6.1;
				ONLY_ACTIVE_ARCH = YES;
				SDKROOT = iphoneos;
				TARGETED_DEVICE_FAMILY = 2;
			};
			name = Debug;
		};
		8442C31C1668184B007046E3 /* Release */ = {
			isa = XCBuildConfiguration;
			buildSettings = {
				ALWAYS_SEARCH_USER_PATHS = NO;
				CLANG_CXX_LANGUAGE_STANDARD = "gnu++0x";
				CLANG_CXX_LIBRARY = "libc++";
				CLANG_ENABLE_OBJC_ARC = YES;
				CLANG_WARN_CONSTANT_CONVERSION = YES;
				CLANG_WARN_DEPRECATED_OBJC_IMPLEMENTATIONS = YES;
				CLANG_WARN_EMPTY_BODY = YES;
				CLANG_WARN_INT_CONVERSION = YES;
				CLANG_WARN__DUPLICATE_METHOD_MATCH = YES;
				"CODE_SIGN_IDENTITY[sdk=iphoneos*]" = "iPhone Developer";
				COPY_PHASE_STRIP = YES;
				GCC_C_LANGUAGE_STANDARD = gnu99;
				GCC_STRICT_ALIASING = YES;
				GCC_WARN_ABOUT_RETURN_TYPE = YES;
				GCC_WARN_UNINITIALIZED_AUTOS = YES;
				GCC_WARN_UNUSED_VARIABLE = YES;
				IPHONEOS_DEPLOYMENT_TARGET = 6.1;
				OTHER_CFLAGS = "-DNS_BLOCK_ASSERTIONS=1";
				SDKROOT = iphoneos;
				TARGETED_DEVICE_FAMILY = 2;
				VALIDATE_PRODUCT = YES;
			};
			name = Release;
		};
		8442C31E1668184B007046E3 /* Debug */ = {
			isa = XCBuildConfiguration;
			buildSettings = {
				FRAMEWORK_SEARCH_PATHS = (
					"$(SRCROOT)/External/ReactiveCocoa/ReactiveCocoaFramework/ReactiveCocoa/**",
					"\"$(SRCROOT)/External/KrakenKit\"/**",
				);
				GCC_PRECOMPILE_PREFIX_HEADER = YES;
				GCC_PREFIX_HEADER = "GitPad/GitPad-Prefix.pch";
				HEADER_SEARCH_PATHS = (
					"\"$(SRCROOT)/External/KrakenKit\"/**",
					"\"$(BUILT_PRODUCTS_DIR)/../../Headers\"",
				);
				INFOPLIST_FILE = "GitPad/GitPad-Info.plist";
				IPHONEOS_DEPLOYMENT_TARGET = 5.0;
				LIBRARY_SEARCH_PATHS = (
					"$(inherited)",
					"\"$(SDKROOT)/usr/lib/system\"",
				);
				OTHER_LDFLAGS = "-ObjC";
				PRODUCT_NAME = "$(TARGET_NAME)";
				TARGETED_DEVICE_FAMILY = "1,2";
				WRAPPER_EXTENSION = app;
			};
			name = Debug;
		};
		8442C31F1668184B007046E3 /* Release */ = {
			isa = XCBuildConfiguration;
			buildSettings = {
				FRAMEWORK_SEARCH_PATHS = (
					"$(SRCROOT)/External/ReactiveCocoa/ReactiveCocoaFramework/ReactiveCocoa/**",
					"\"$(SRCROOT)/External/KrakenKit\"/**",
				);
				GCC_PRECOMPILE_PREFIX_HEADER = YES;
				GCC_PREFIX_HEADER = "GitPad/GitPad-Prefix.pch";
				HEADER_SEARCH_PATHS = (
					"\"$(SRCROOT)/External/KrakenKit\"/**",
					"\"$(BUILT_PRODUCTS_DIR)/../../Headers\"",
				);
				INFOPLIST_FILE = "GitPad/GitPad-Info.plist";
				IPHONEOS_DEPLOYMENT_TARGET = 5.0;
				LIBRARY_SEARCH_PATHS = (
					"$(inherited)",
					"\"$(SDKROOT)/usr/lib/system\"",
				);
				OTHER_LDFLAGS = "-ObjC";
				PRODUCT_NAME = "$(TARGET_NAME)";
				TARGETED_DEVICE_FAMILY = "1,2";
				WRAPPER_EXTENSION = app;
			};
			name = Release;
		};
		8442C3211668184B007046E3 /* Debug */ = {
			isa = XCBuildConfiguration;
			buildSettings = {
				BUNDLE_LOADER = "$(BUILT_PRODUCTS_DIR)/GitPad.app/GitPad";
				FRAMEWORK_SEARCH_PATHS = (
					"\"$(SDKROOT)/Developer/Library/Frameworks\"",
					"\"$(SRCROOT)/External/KrakenKit\"",
					"\"$(DEVELOPER_LIBRARY_DIR)/Frameworks\"",
				);
				GCC_PRECOMPILE_PREFIX_HEADER = YES;
				GCC_PREFIX_HEADER = "GitPad/GitPad-Prefix.pch";
				HEADER_SEARCH_PATHS = "\"$(SRCROOT)/External/KrakenKit\"";
				INFOPLIST_FILE = "GitPadTests/GitPadTests-Info.plist";
				PRODUCT_NAME = "$(TARGET_NAME)";
				TEST_HOST = "$(BUNDLE_LOADER)";
				WRAPPER_EXTENSION = octest;
			};
			name = Debug;
		};
		8442C3221668184B007046E3 /* Release */ = {
			isa = XCBuildConfiguration;
			buildSettings = {
				BUNDLE_LOADER = "$(BUILT_PRODUCTS_DIR)/GitPad.app/GitPad";
				FRAMEWORK_SEARCH_PATHS = (
					"\"$(SDKROOT)/Developer/Library/Frameworks\"",
					"\"$(SRCROOT)/External/KrakenKit\"",
					"\"$(DEVELOPER_LIBRARY_DIR)/Frameworks\"",
				);
				GCC_PRECOMPILE_PREFIX_HEADER = YES;
				GCC_PREFIX_HEADER = "GitPad/GitPad-Prefix.pch";
				HEADER_SEARCH_PATHS = "\"$(SRCROOT)/External/KrakenKit\"";
				INFOPLIST_FILE = "GitPadTests/GitPadTests-Info.plist";
				PRODUCT_NAME = "$(TARGET_NAME)";
				TEST_HOST = "$(BUNDLE_LOADER)";
				WRAPPER_EXTENSION = octest;
			};
			name = Release;
		};
/* End XCBuildConfiguration section */

/* Begin XCConfigurationList section */
		8442C2E01668184B007046E3 /* Build configuration list for PBXProject "GitPad" */ = {
			isa = XCConfigurationList;
			buildConfigurations = (
				8442C31B1668184B007046E3 /* Debug */,
				8442C31C1668184B007046E3 /* Release */,
			);
			defaultConfigurationIsVisible = 0;
			defaultConfigurationName = Release;
		};
		8442C31D1668184B007046E3 /* Build configuration list for PBXNativeTarget "GitPad" */ = {
			isa = XCConfigurationList;
			buildConfigurations = (
				8442C31E1668184B007046E3 /* Debug */,
				8442C31F1668184B007046E3 /* Release */,
			);
			defaultConfigurationIsVisible = 0;
			defaultConfigurationName = Release;
		};
		8442C3201668184B007046E3 /* Build configuration list for PBXNativeTarget "GitPadTests" */ = {
			isa = XCConfigurationList;
			buildConfigurations = (
				8442C3211668184B007046E3 /* Debug */,
				8442C3221668184B007046E3 /* Release */,
			);
			defaultConfigurationIsVisible = 0;
			defaultConfigurationName = Release;
		};
/* End XCConfigurationList section */

/* Begin XCVersionGroup section */
		8442C3021668184B007046E3 /* GitPad.xcdatamodeld */ = {
			isa = XCVersionGroup;
			children = (
				8442C3031668184B007046E3 /* GitPad.xcdatamodel */,
			);
			currentVersion = 8442C3031668184B007046E3 /* GitPad.xcdatamodel */;
			path = GitPad.xcdatamodeld;
			sourceTree = "<group>";
			versionGroupType = wrapper.xcdatamodel;
		};
/* End XCVersionGroup section */
	};
	rootObject = 8442C2DD1668184B007046E3 /* Project object */;
}
