// !$*UTF8*$!
{
	archiveVersion = 1;
	classes = {
	};
	objectVersion = 46;
	objects = {

/* Begin PBXBuildFile section */
		840582EC169F7D920022E4F9 /* MWFSlideNavigationViewController.m in Sources */ = {isa = PBXBuildFile; fileRef = 840582EB169F7D920022E4F9 /* MWFSlideNavigationViewController.m */; };
		840582ED169F7D920022E4F9 /* MWFSlideNavigationViewController.m in Sources */ = {isa = PBXBuildFile; fileRef = 840582EB169F7D920022E4F9 /* MWFSlideNavigationViewController.m */; };
		840582F1169F86DE0022E4F9 /* GPNotificationButton.m in Sources */ = {isa = PBXBuildFile; fileRef = 840582F0169F86DE0022E4F9 /* GPNotificationButton.m */; };
		840582F2169F86DE0022E4F9 /* GPNotificationButton.m in Sources */ = {isa = PBXBuildFile; fileRef = 840582F0169F86DE0022E4F9 /* GPNotificationButton.m */; };
		8410AB48169F8FF900E71AC3 /* GPNewsFeedCell.m in Sources */ = {isa = PBXBuildFile; fileRef = 8410AB47169F8FF900E71AC3 /* GPNewsFeedCell.m */; };
		8442C2E91668184B007046E3 /* UIKit.framework in Frameworks */ = {isa = PBXBuildFile; fileRef = 8442C2E81668184B007046E3 /* UIKit.framework */; };
		8442C2EB1668184B007046E3 /* Foundation.framework in Frameworks */ = {isa = PBXBuildFile; fileRef = 8442C2EA1668184B007046E3 /* Foundation.framework */; };
		8442C2ED1668184B007046E3 /* CoreGraphics.framework in Frameworks */ = {isa = PBXBuildFile; fileRef = 8442C2EC1668184B007046E3 /* CoreGraphics.framework */; };
		8442C2EF1668184B007046E3 /* CoreData.framework in Frameworks */ = {isa = PBXBuildFile; fileRef = 8442C2EE1668184B007046E3 /* CoreData.framework */; };
		8442C2F51668184B007046E3 /* InfoPlist.strings in Resources */ = {isa = PBXBuildFile; fileRef = 8442C2F31668184B007046E3 /* InfoPlist.strings */; };
		8442C2F71668184B007046E3 /* main.m in Sources */ = {isa = PBXBuildFile; fileRef = 8442C2F61668184B007046E3 /* main.m */; };
		8442C2FB1668184B007046E3 /* GPAppDelegate.m in Sources */ = {isa = PBXBuildFile; fileRef = 8442C2FA1668184B007046E3 /* GPAppDelegate.m */; };
		8442C2FD1668184B007046E3 /* Default.png in Resources */ = {isa = PBXBuildFile; fileRef = 8442C2FC1668184B007046E3 /* Default.png */; };
		8442C2FF1668184B007046E3 /* Default@2x.png in Resources */ = {isa = PBXBuildFile; fileRef = 8442C2FE1668184B007046E3 /* Default@2x.png */; };
		8442C3011668184B007046E3 /* Default-568h@2x.png in Resources */ = {isa = PBXBuildFile; fileRef = 8442C3001668184B007046E3 /* Default-568h@2x.png */; };
		8442C3041668184B007046E3 /* GitPad.xcdatamodeld in Sources */ = {isa = PBXBuildFile; fileRef = 8442C3021668184B007046E3 /* GitPad.xcdatamodeld */; };
		8442C30C1668184B007046E3 /* SenTestingKit.framework in Frameworks */ = {isa = PBXBuildFile; fileRef = 8442C30B1668184B007046E3 /* SenTestingKit.framework */; };
		8442C30D1668184B007046E3 /* UIKit.framework in Frameworks */ = {isa = PBXBuildFile; fileRef = 8442C2E81668184B007046E3 /* UIKit.framework */; };
		8442C30E1668184B007046E3 /* Foundation.framework in Frameworks */ = {isa = PBXBuildFile; fileRef = 8442C2EA1668184B007046E3 /* Foundation.framework */; };
		8442C30F1668184B007046E3 /* CoreData.framework in Frameworks */ = {isa = PBXBuildFile; fileRef = 8442C2EE1668184B007046E3 /* CoreData.framework */; };
		8442C3171668184B007046E3 /* InfoPlist.strings in Resources */ = {isa = PBXBuildFile; fileRef = 8442C3151668184B007046E3 /* InfoPlist.strings */; };
		8442C31A1668184B007046E3 /* GitPadTests.m in Sources */ = {isa = PBXBuildFile; fileRef = 8442C3191668184B007046E3 /* GitPadTests.m */; };
		8442C32516681869007046E3 /* GPNavigationController.m in Sources */ = {isa = PBXBuildFile; fileRef = 8442C32416681869007046E3 /* GPNavigationController.m */; };
		8442C32716681AF4007046E3 /* QuartzCore.framework in Frameworks */ = {isa = PBXBuildFile; fileRef = 8442C32616681AF4007046E3 /* QuartzCore.framework */; };
		8442C32A16681B76007046E3 /* GPControlCenterViewController.m in Sources */ = {isa = PBXBuildFile; fileRef = 8442C32916681B76007046E3 /* GPControlCenterViewController.m */; };
		8442C346166821EE007046E3 /* Defaults.plist in Resources */ = {isa = PBXBuildFile; fileRef = 8442C345166821EE007046E3 /* Defaults.plist */; };
		8442C34916682284007046E3 /* GPLoginViewController.m in Sources */ = {isa = PBXBuildFile; fileRef = 8442C34816682284007046E3 /* GPLoginViewController.m */; };
		8442C34C16682568007046E3 /* GPNavigationBar.m in Sources */ = {isa = PBXBuildFile; fileRef = 8442C34B16682568007046E3 /* GPNavigationBar.m */; };
		84434FD1167168D8005C7AC4 /* SystemConfiguration.framework in Frameworks */ = {isa = PBXBuildFile; fileRef = 84434FD0167168D8005C7AC4 /* SystemConfiguration.framework */; };
		846B205F1671717700436E90 /* GPMainViewController.m in Sources */ = {isa = PBXBuildFile; fileRef = 846B205E1671717700436E90 /* GPMainViewController.m */; };
		846E858616A61F7F00B0B61D /* MTStatusBarOverlay.m in Sources */ = {isa = PBXBuildFile; fileRef = 846E858516A61F7F00B0B61D /* MTStatusBarOverlay.m */; };
		84ADF9EC16ADA7D50026F990 /* libKrakenKit.a in Frameworks */ = {isa = PBXBuildFile; fileRef = 84ADF9E916ADA7C70026F990 /* libKrakenKit.a */; };
		84CB8C8C16ADC77D0026AF86 /* <Github-Social-Logo-Outlined>.png in Resources */ = {isa = PBXBuildFile; fileRef = 84CB8C8B16ADC77D0026AF86 /* <Github-Social-Logo-Outlined>.png */; };
		84CB8C9A16ADCE9B0026AF86 /* NSString+MD5.m in Sources */ = {isa = PBXBuildFile; fileRef = 84CB8C9316ADCE9B0026AF86 /* NSString+MD5.m */; };
		84CB8C9B16ADCE9B0026AF86 /* PDFView.m in Sources */ = {isa = PBXBuildFile; fileRef = 84CB8C9516ADCE9B0026AF86 /* PDFView.m */; };
		84CB8C9C16ADCE9B0026AF86 /* UIImage+PDF.m in Sources */ = {isa = PBXBuildFile; fileRef = 84CB8C9716ADCE9B0026AF86 /* UIImage+PDF.m */; };
		84CB8C9D16ADCE9B0026AF86 /* UIView+Image.m in Sources */ = {isa = PBXBuildFile; fileRef = 84CB8C9916ADCE9B0026AF86 /* UIView+Image.m */; };
		84CB8C9F16ADCEA60026AF86 /* <Blacktocats>.pdf in Resources */ = {isa = PBXBuildFile; fileRef = 84CB8C9E16ADCEA50026AF86 /* <Blacktocats>.pdf */; };
/* End PBXBuildFile section */

/* Begin PBXContainerItemProxy section */
		8442C3101668184B007046E3 /* PBXContainerItemProxy */ = {
			isa = PBXContainerItemProxy;
			containerPortal = 8442C2DD1668184B007046E3 /* Project object */;
			proxyType = 1;
			remoteGlobalIDString = 8442C2E41668184B007046E3;
			remoteInfo = GitPad;
		};
		84ADF9E816ADA7C70026F990 /* PBXContainerItemProxy */ = {
			isa = PBXContainerItemProxy;
			containerPortal = 84ADF9E416ADA7C60026F990 /* KrakenKit.xcodeproj */;
			proxyType = 2;
			remoteGlobalIDString = 84ADF9D316ADA7C60026F990;
			remoteInfo = KrakenKit;
		};
		84ADF9EA16ADA7D10026F990 /* PBXContainerItemProxy */ = {
			isa = PBXContainerItemProxy;
			containerPortal = 84ADF9E416ADA7C60026F990 /* KrakenKit.xcodeproj */;
			proxyType = 1;
			remoteGlobalIDString = 84ADF9D216ADA7C60026F990;
			remoteInfo = KrakenKit;
		};
/* End PBXContainerItemProxy section */

/* Begin PBXFileReference section */
		840582EA169F7D920022E4F9 /* MWFSlideNavigationViewController.h */ = {isa = PBXFileReference; fileEncoding = 4; lastKnownFileType = sourcecode.c.h; path = MWFSlideNavigationViewController.h; sourceTree = "<group>"; };
		840582EB169F7D920022E4F9 /* MWFSlideNavigationViewController.m */ = {isa = PBXFileReference; fileEncoding = 4; lastKnownFileType = sourcecode.c.objc; path = MWFSlideNavigationViewController.m; sourceTree = "<group>"; };
		840582EF169F86DE0022E4F9 /* GPNotificationButton.h */ = {isa = PBXFileReference; fileEncoding = 4; lastKnownFileType = sourcecode.c.h; path = GPNotificationButton.h; sourceTree = "<group>"; };
		840582F0169F86DE0022E4F9 /* GPNotificationButton.m */ = {isa = PBXFileReference; fileEncoding = 4; lastKnownFileType = sourcecode.c.objc; path = GPNotificationButton.m; sourceTree = "<group>"; };
		8410AB46169F8FF900E71AC3 /* GPNewsFeedCell.h */ = {isa = PBXFileReference; fileEncoding = 4; lastKnownFileType = sourcecode.c.h; path = GPNewsFeedCell.h; sourceTree = "<group>"; };
		8410AB47169F8FF900E71AC3 /* GPNewsFeedCell.m */ = {isa = PBXFileReference; fileEncoding = 4; lastKnownFileType = sourcecode.c.objc; path = GPNewsFeedCell.m; sourceTree = "<group>"; };
		8410ABE8169F932900E71AC3 /* KrakenKit-Prefix.pch */ = {isa = PBXFileReference; lastKnownFileType = sourcecode.c.h; path = "KrakenKit-Prefix.pch"; sourceTree = "<group>"; };
		8410ABE9169F932900E71AC3 /* KrakenKit.h */ = {isa = PBXFileReference; lastKnownFileType = sourcecode.c.h; path = KrakenKit.h; sourceTree = "<group>"; };
		8410ABEB169F932900E71AC3 /* KrakenKit.m */ = {isa = PBXFileReference; lastKnownFileType = sourcecode.c.objc; path = KrakenKit.m; sourceTree = "<group>"; };
		8442C2E51668184B007046E3 /* GitPad.app */ = {isa = PBXFileReference; explicitFileType = wrapper.application; includeInIndex = 0; path = GitPad.app; sourceTree = BUILT_PRODUCTS_DIR; };
		8442C2E81668184B007046E3 /* UIKit.framework */ = {isa = PBXFileReference; lastKnownFileType = wrapper.framework; name = UIKit.framework; path = System/Library/Frameworks/UIKit.framework; sourceTree = SDKROOT; };
		8442C2EA1668184B007046E3 /* Foundation.framework */ = {isa = PBXFileReference; lastKnownFileType = wrapper.framework; name = Foundation.framework; path = System/Library/Frameworks/Foundation.framework; sourceTree = SDKROOT; };
		8442C2EC1668184B007046E3 /* CoreGraphics.framework */ = {isa = PBXFileReference; lastKnownFileType = wrapper.framework; name = CoreGraphics.framework; path = System/Library/Frameworks/CoreGraphics.framework; sourceTree = SDKROOT; };
		8442C2EE1668184B007046E3 /* CoreData.framework */ = {isa = PBXFileReference; lastKnownFileType = wrapper.framework; name = CoreData.framework; path = System/Library/Frameworks/CoreData.framework; sourceTree = SDKROOT; };
		8442C2F21668184B007046E3 /* GitPad-Info.plist */ = {isa = PBXFileReference; lastKnownFileType = text.plist.xml; path = "GitPad-Info.plist"; sourceTree = "<group>"; };
		8442C2F41668184B007046E3 /* en */ = {isa = PBXFileReference; lastKnownFileType = text.plist.strings; name = en; path = en.lproj/InfoPlist.strings; sourceTree = "<group>"; };
		8442C2F61668184B007046E3 /* main.m */ = {isa = PBXFileReference; lastKnownFileType = sourcecode.c.objc; path = main.m; sourceTree = "<group>"; };
		8442C2F81668184B007046E3 /* GitPad-Prefix.pch */ = {isa = PBXFileReference; lastKnownFileType = sourcecode.c.h; path = "GitPad-Prefix.pch"; sourceTree = "<group>"; };
		8442C2F91668184B007046E3 /* GPAppDelegate.h */ = {isa = PBXFileReference; lastKnownFileType = sourcecode.c.h; path = GPAppDelegate.h; sourceTree = "<group>"; };
		8442C2FA1668184B007046E3 /* GPAppDelegate.m */ = {isa = PBXFileReference; lastKnownFileType = sourcecode.c.objc; path = GPAppDelegate.m; sourceTree = "<group>"; };
		8442C2FC1668184B007046E3 /* Default.png */ = {isa = PBXFileReference; lastKnownFileType = image.png; path = Default.png; sourceTree = "<group>"; };
		8442C2FE1668184B007046E3 /* Default@2x.png */ = {isa = PBXFileReference; lastKnownFileType = image.png; path = "Default@2x.png"; sourceTree = "<group>"; };
		8442C3001668184B007046E3 /* Default-568h@2x.png */ = {isa = PBXFileReference; lastKnownFileType = image.png; path = "Default-568h@2x.png"; sourceTree = "<group>"; };
		8442C3031668184B007046E3 /* GitPad.xcdatamodel */ = {isa = PBXFileReference; lastKnownFileType = wrapper.xcdatamodel; path = GitPad.xcdatamodel; sourceTree = "<group>"; };
		8442C30A1668184B007046E3 /* GitPadTests.octest */ = {isa = PBXFileReference; explicitFileType = wrapper.cfbundle; includeInIndex = 0; path = GitPadTests.octest; sourceTree = BUILT_PRODUCTS_DIR; };
		8442C30B1668184B007046E3 /* SenTestingKit.framework */ = {isa = PBXFileReference; lastKnownFileType = wrapper.framework; name = SenTestingKit.framework; path = Library/Frameworks/SenTestingKit.framework; sourceTree = DEVELOPER_DIR; };
		8442C3141668184B007046E3 /* GitPadTests-Info.plist */ = {isa = PBXFileReference; lastKnownFileType = text.plist.xml; path = "GitPadTests-Info.plist"; sourceTree = "<group>"; };
		8442C3161668184B007046E3 /* en */ = {isa = PBXFileReference; lastKnownFileType = text.plist.strings; name = en; path = en.lproj/InfoPlist.strings; sourceTree = "<group>"; };
		8442C3181668184B007046E3 /* GitPadTests.h */ = {isa = PBXFileReference; lastKnownFileType = sourcecode.c.h; path = GitPadTests.h; sourceTree = "<group>"; };
		8442C3191668184B007046E3 /* GitPadTests.m */ = {isa = PBXFileReference; lastKnownFileType = sourcecode.c.objc; path = GitPadTests.m; sourceTree = "<group>"; };
		8442C32316681869007046E3 /* GPNavigationController.h */ = {isa = PBXFileReference; fileEncoding = 4; lastKnownFileType = sourcecode.c.h; path = GPNavigationController.h; sourceTree = "<group>"; };
		8442C32416681869007046E3 /* GPNavigationController.m */ = {isa = PBXFileReference; fileEncoding = 4; lastKnownFileType = sourcecode.c.objc; path = GPNavigationController.m; sourceTree = "<group>"; };
		8442C32616681AF4007046E3 /* QuartzCore.framework */ = {isa = PBXFileReference; lastKnownFileType = wrapper.framework; name = QuartzCore.framework; path = System/Library/Frameworks/QuartzCore.framework; sourceTree = SDKROOT; };
		8442C32816681B76007046E3 /* GPControlCenterViewController.h */ = {isa = PBXFileReference; fileEncoding = 4; lastKnownFileType = sourcecode.c.h; path = GPControlCenterViewController.h; sourceTree = "<group>"; };
		8442C32916681B76007046E3 /* GPControlCenterViewController.m */ = {isa = PBXFileReference; fileEncoding = 4; lastKnownFileType = sourcecode.c.objc; path = GPControlCenterViewController.m; sourceTree = "<group>"; };
		8442C345166821EE007046E3 /* Defaults.plist */ = {isa = PBXFileReference; fileEncoding = 4; lastKnownFileType = text.plist.xml; path = Defaults.plist; sourceTree = "<group>"; };
		8442C34716682283007046E3 /* GPLoginViewController.h */ = {isa = PBXFileReference; fileEncoding = 4; lastKnownFileType = sourcecode.c.h; path = GPLoginViewController.h; sourceTree = "<group>"; };
		8442C34816682284007046E3 /* GPLoginViewController.m */ = {isa = PBXFileReference; fileEncoding = 4; lastKnownFileType = sourcecode.c.objc; path = GPLoginViewController.m; sourceTree = "<group>"; };
		8442C34A16682568007046E3 /* GPNavigationBar.h */ = {isa = PBXFileReference; fileEncoding = 4; lastKnownFileType = sourcecode.c.h; path = GPNavigationBar.h; sourceTree = "<group>"; };
		8442C34B16682568007046E3 /* GPNavigationBar.m */ = {isa = PBXFileReference; fileEncoding = 4; lastKnownFileType = sourcecode.c.objc; path = GPNavigationBar.m; sourceTree = "<group>"; };
		84434FD0167168D8005C7AC4 /* SystemConfiguration.framework */ = {isa = PBXFileReference; lastKnownFileType = wrapper.framework; name = SystemConfiguration.framework; path = System/Library/Frameworks/SystemConfiguration.framework; sourceTree = SDKROOT; };
		846B205B1671705B00436E90 /* GPConstants.h */ = {isa = PBXFileReference; lastKnownFileType = sourcecode.c.h; path = GPConstants.h; sourceTree = "<group>"; };
		846B205D1671717600436E90 /* GPMainViewController.h */ = {isa = PBXFileReference; fileEncoding = 4; lastKnownFileType = sourcecode.c.h; path = GPMainViewController.h; sourceTree = "<group>"; };
		846B205E1671717700436E90 /* GPMainViewController.m */ = {isa = PBXFileReference; fileEncoding = 4; lastKnownFileType = sourcecode.c.objc; path = GPMainViewController.m; sourceTree = "<group>"; };
		846E858416A61F7F00B0B61D /* MTStatusBarOverlay.h */ = {isa = PBXFileReference; fileEncoding = 4; lastKnownFileType = sourcecode.c.h; path = MTStatusBarOverlay.h; sourceTree = "<group>"; };
		846E858516A61F7F00B0B61D /* MTStatusBarOverlay.m */ = {isa = PBXFileReference; fileEncoding = 4; lastKnownFileType = sourcecode.c.objc; path = MTStatusBarOverlay.m; sourceTree = "<group>"; };
		84ADF9E416ADA7C60026F990 /* KrakenKit.xcodeproj */ = {isa = PBXFileReference; lastKnownFileType = "wrapper.pb-project"; name = KrakenKit.xcodeproj; path = KrakenKit/KrakenKit.xcodeproj; sourceTree = "<group>"; };
		84CB8C8B16ADC77D0026AF86 /* <Github-Social-Logo-Outlined>.png */ = {isa = PBXFileReference; lastKnownFileType = image.png; path = "<Github-Social-Logo-Outlined>.png"; sourceTree = "<group>"; };
		84CB8C9216ADCE9B0026AF86 /* NSString+MD5.h */ = {isa = PBXFileReference; fileEncoding = 4; lastKnownFileType = sourcecode.c.h; path = "NSString+MD5.h"; sourceTree = "<group>"; };
		84CB8C9316ADCE9B0026AF86 /* NSString+MD5.m */ = {isa = PBXFileReference; fileEncoding = 4; lastKnownFileType = sourcecode.c.objc; path = "NSString+MD5.m"; sourceTree = "<group>"; };
		84CB8C9416ADCE9B0026AF86 /* PDFView.h */ = {isa = PBXFileReference; fileEncoding = 4; lastKnownFileType = sourcecode.c.h; path = PDFView.h; sourceTree = "<group>"; };
		84CB8C9516ADCE9B0026AF86 /* PDFView.m */ = {isa = PBXFileReference; fileEncoding = 4; lastKnownFileType = sourcecode.c.objc; path = PDFView.m; sourceTree = "<group>"; };
		84CB8C9616ADCE9B0026AF86 /* UIImage+PDF.h */ = {isa = PBXFileReference; fileEncoding = 4; lastKnownFileType = sourcecode.c.h; path = "UIImage+PDF.h"; sourceTree = "<group>"; };
		84CB8C9716ADCE9B0026AF86 /* UIImage+PDF.m */ = {isa = PBXFileReference; fileEncoding = 4; lastKnownFileType = sourcecode.c.objc; path = "UIImage+PDF.m"; sourceTree = "<group>"; };
		84CB8C9816ADCE9B0026AF86 /* UIView+Image.h */ = {isa = PBXFileReference; fileEncoding = 4; lastKnownFileType = sourcecode.c.h; path = "UIView+Image.h"; sourceTree = "<group>"; };
		84CB8C9916ADCE9B0026AF86 /* UIView+Image.m */ = {isa = PBXFileReference; fileEncoding = 4; lastKnownFileType = sourcecode.c.objc; path = "UIView+Image.m"; sourceTree = "<group>"; };
		84CB8C9E16ADCEA50026AF86 /* <Blacktocats>.pdf */ = {isa = PBXFileReference; lastKnownFileType = image.pdf; path = "<Blacktocats>.pdf"; sourceTree = "<group>"; };
/* End PBXFileReference section */

/* Begin PBXFrameworksBuildPhase section */
		8442C2E21668184B007046E3 /* Frameworks */ = {
			isa = PBXFrameworksBuildPhase;
			buildActionMask = 2147483647;
			files = (
				84ADF9EC16ADA7D50026F990 /* libKrakenKit.a in Frameworks */,
				84434FD1167168D8005C7AC4 /* SystemConfiguration.framework in Frameworks */,
				8442C32716681AF4007046E3 /* QuartzCore.framework in Frameworks */,
				8442C2E91668184B007046E3 /* UIKit.framework in Frameworks */,
				8442C2EB1668184B007046E3 /* Foundation.framework in Frameworks */,
				8442C2ED1668184B007046E3 /* CoreGraphics.framework in Frameworks */,
				8442C2EF1668184B007046E3 /* CoreData.framework in Frameworks */,
			);
			runOnlyForDeploymentPostprocessing = 0;
		};
		8442C3061668184B007046E3 /* Frameworks */ = {
			isa = PBXFrameworksBuildPhase;
			buildActionMask = 2147483647;
			files = (
				8442C30C1668184B007046E3 /* SenTestingKit.framework in Frameworks */,
				8442C30D1668184B007046E3 /* UIKit.framework in Frameworks */,
				8442C30E1668184B007046E3 /* Foundation.framework in Frameworks */,
				8442C30F1668184B007046E3 /* CoreData.framework in Frameworks */,
			);
			runOnlyForDeploymentPostprocessing = 0;
		};
/* End PBXFrameworksBuildPhase section */

/* Begin PBXGroup section */
		8410ABE6169F932900E71AC3 /* KrakenKit */ = {
			isa = PBXGroup;
			children = (
				8410ABE9169F932900E71AC3 /* KrakenKit.h */,
				8410ABEB169F932900E71AC3 /* KrakenKit.m */,
				8410ABE7169F932900E71AC3 /* Supporting Files */,
			);
			path = KrakenKit;
			sourceTree = "<group>";
		};
		8410ABE7169F932900E71AC3 /* Supporting Files */ = {
			isa = PBXGroup;
			children = (
				8410ABE8169F932900E71AC3 /* KrakenKit-Prefix.pch */,
			);
			name = "Supporting Files";
			sourceTree = "<group>";
		};
		8442C2DC1668184B007046E3 = {
			isa = PBXGroup;
			children = (
				84ADF9E416ADA7C60026F990 /* KrakenKit.xcodeproj */,
				84434FD0167168D8005C7AC4 /* SystemConfiguration.framework */,
				8442C2F01668184B007046E3 /* GitPad */,
				8442C3121668184B007046E3 /* GitPadTests */,
				8410ABE6169F932900E71AC3 /* KrakenKit */,
				8442C2E71668184B007046E3 /* Frameworks */,
				8442C2E61668184B007046E3 /* Products */,
			);
			sourceTree = "<group>";
		};
		8442C2E61668184B007046E3 /* Products */ = {
			isa = PBXGroup;
			children = (
				8442C2E51668184B007046E3 /* GitPad.app */,
				8442C30A1668184B007046E3 /* GitPadTests.octest */,
			);
			name = Products;
			sourceTree = "<group>";
		};
		8442C2E71668184B007046E3 /* Frameworks */ = {
			isa = PBXGroup;
			children = (
				8442C32616681AF4007046E3 /* QuartzCore.framework */,
				8442C2E81668184B007046E3 /* UIKit.framework */,
				8442C2EA1668184B007046E3 /* Foundation.framework */,
				8442C2EC1668184B007046E3 /* CoreGraphics.framework */,
				8442C2EE1668184B007046E3 /* CoreData.framework */,
				8442C30B1668184B007046E3 /* SenTestingKit.framework */,
			);
			name = Frameworks;
			sourceTree = "<group>";
		};
		8442C2F01668184B007046E3 /* GitPad */ = {
			isa = PBXGroup;
			children = (
				8442C2F91668184B007046E3 /* GPAppDelegate.h */,
				8442C2FA1668184B007046E3 /* GPAppDelegate.m */,
				846B205B1671705B00436E90 /* GPConstants.h */,
				846B205D1671717600436E90 /* GPMainViewController.h */,
				846B205E1671717700436E90 /* GPMainViewController.m */,
				8410AB46169F8FF900E71AC3 /* GPNewsFeedCell.h */,
				8410AB47169F8FF900E71AC3 /* GPNewsFeedCell.m */,
				840582EF169F86DE0022E4F9 /* GPNotificationButton.h */,
				840582F0169F86DE0022E4F9 /* GPNotificationButton.m */,
				8442C32816681B76007046E3 /* GPControlCenterViewController.h */,
				8442C32916681B76007046E3 /* GPControlCenterViewController.m */,
				8442C34716682283007046E3 /* GPLoginViewController.h */,
				8442C34816682284007046E3 /* GPLoginViewController.m */,
				840582EA169F7D920022E4F9 /* MWFSlideNavigationViewController.h */,
				840582EB169F7D920022E4F9 /* MWFSlideNavigationViewController.m */,
				846E858416A61F7F00B0B61D /* MTStatusBarOverlay.h */,
				846E858516A61F7F00B0B61D /* MTStatusBarOverlay.m */,
				84CB8C9116ADCE9B0026AF86 /* UIImage+PDF */,
				846B205C1671710100436E90 /* GPNavigationController */,
				8442C2F11668184B007046E3 /* Supporting Files */,
			);
			path = GitPad;
			sourceTree = "<group>";
		};
		8442C2F11668184B007046E3 /* Supporting Files */ = {
			isa = PBXGroup;
			children = (
				84CB8C8B16ADC77D0026AF86 /* <Github-Social-Logo-Outlined>.png */,
				84CB8C9E16ADCEA50026AF86 /* <Blacktocats>.pdf */,
				8442C3021668184B007046E3 /* GitPad.xcdatamodeld */,
				8442C2F21668184B007046E3 /* GitPad-Info.plist */,
				8442C345166821EE007046E3 /* Defaults.plist */,
				8442C2F31668184B007046E3 /* InfoPlist.strings */,
				8442C2F61668184B007046E3 /* main.m */,
				8442C2F81668184B007046E3 /* GitPad-Prefix.pch */,
				8442C2FC1668184B007046E3 /* Default.png */,
				8442C2FE1668184B007046E3 /* Default@2x.png */,
				8442C3001668184B007046E3 /* Default-568h@2x.png */,
			);
			name = "Supporting Files";
			sourceTree = "<group>";
		};
		8442C3121668184B007046E3 /* GitPadTests */ = {
			isa = PBXGroup;
			children = (
				8442C3181668184B007046E3 /* GitPadTests.h */,
				8442C3191668184B007046E3 /* GitPadTests.m */,
				8442C3131668184B007046E3 /* Supporting Files */,
			);
			path = GitPadTests;
			sourceTree = "<group>";
		};
		8442C3131668184B007046E3 /* Supporting Files */ = {
			isa = PBXGroup;
			children = (
				8442C3141668184B007046E3 /* GitPadTests-Info.plist */,
				8442C3151668184B007046E3 /* InfoPlist.strings */,
			);
			name = "Supporting Files";
			sourceTree = "<group>";
		};
		846B205C1671710100436E90 /* GPNavigationController */ = {
			isa = PBXGroup;
			children = (
				8442C32316681869007046E3 /* GPNavigationController.h */,
				8442C32416681869007046E3 /* GPNavigationController.m */,
				8442C34A16682568007046E3 /* GPNavigationBar.h */,
				8442C34B16682568007046E3 /* GPNavigationBar.m */,
			);
			name = GPNavigationController;
			sourceTree = "<group>";
		};
		84ADF9E516ADA7C60026F990 /* Products */ = {
			isa = PBXGroup;
			children = (
				84ADF9E916ADA7C70026F990 /* libKrakenKit.a */,
			);
			name = Products;
			sourceTree = "<group>";
		};
		84CB8C9116ADCE9B0026AF86 /* UIImage+PDF */ = {
			isa = PBXGroup;
			children = (
				84CB8C9216ADCE9B0026AF86 /* NSString+MD5.h */,
				84CB8C9316ADCE9B0026AF86 /* NSString+MD5.m */,
				84CB8C9416ADCE9B0026AF86 /* PDFView.h */,
				84CB8C9516ADCE9B0026AF86 /* PDFView.m */,
				84CB8C9616ADCE9B0026AF86 /* UIImage+PDF.h */,
				84CB8C9716ADCE9B0026AF86 /* UIImage+PDF.m */,
				84CB8C9816ADCE9B0026AF86 /* UIView+Image.h */,
				84CB8C9916ADCE9B0026AF86 /* UIView+Image.m */,
			);
			path = "UIImage+PDF";
			sourceTree = "<group>";
		};
/* End PBXGroup section */

/* Begin PBXNativeTarget section */
		8442C2E41668184B007046E3 /* GitPad */ = {
			isa = PBXNativeTarget;
			buildConfigurationList = 8442C31D1668184B007046E3 /* Build configuration list for PBXNativeTarget "GitPad" */;
			buildPhases = (
				8442C2E11668184B007046E3 /* Sources */,
				8442C2E21668184B007046E3 /* Frameworks */,
				8442C2E31668184B007046E3 /* Resources */,
			);
			buildRules = (
			);
			dependencies = (
				84ADF9EB16ADA7D10026F990 /* PBXTargetDependency */,
			);
			name = GitPad;
			productName = GitPad;
			productReference = 8442C2E51668184B007046E3 /* GitPad.app */;
			productType = "com.apple.product-type.application";
		};
		8442C3091668184B007046E3 /* GitPadTests */ = {
			isa = PBXNativeTarget;
			buildConfigurationList = 8442C3201668184B007046E3 /* Build configuration list for PBXNativeTarget "GitPadTests" */;
			buildPhases = (
				8442C3051668184B007046E3 /* Sources */,
				8442C3061668184B007046E3 /* Frameworks */,
				8442C3071668184B007046E3 /* Resources */,
				8442C3081668184B007046E3 /* ShellScript */,
			);
			buildRules = (
			);
			dependencies = (
				8442C3111668184B007046E3 /* PBXTargetDependency */,
			);
			name = GitPadTests;
			productName = GitPadTests;
			productReference = 8442C30A1668184B007046E3 /* GitPadTests.octest */;
			productType = "com.apple.product-type.bundle";
		};
/* End PBXNativeTarget section */

/* Begin PBXProject section */
		8442C2DD1668184B007046E3 /* Project object */ = {
			isa = PBXProject;
			attributes = {
				CLASSPREFIX = GP;
				LastUpgradeCheck = 0460;
				ORGANIZATIONNAME = CodaFi;
			};
			buildConfigurationList = 8442C2E01668184B007046E3 /* Build configuration list for PBXProject "GitPad" */;
			compatibilityVersion = "Xcode 3.2";
			developmentRegion = English;
			hasScannedForEncodings = 0;
			knownRegions = (
				en,
			);
			mainGroup = 8442C2DC1668184B007046E3;
			productRefGroup = 8442C2E61668184B007046E3 /* Products */;
			projectDirPath = "";
			projectReferences = (
				{
					ProductGroup = 84ADF9E516ADA7C60026F990 /* Products */;
					ProjectRef = 84ADF9E416ADA7C60026F990 /* KrakenKit.xcodeproj */;
				},
			);
			projectRoot = "";
			targets = (
				8442C2E41668184B007046E3 /* GitPad */,
				8442C3091668184B007046E3 /* GitPadTests */,
			);
		};
/* End PBXProject section */

/* Begin PBXReferenceProxy section */
		84ADF9E916ADA7C70026F990 /* libKrakenKit.a */ = {
			isa = PBXReferenceProxy;
			fileType = archive.ar;
			path = libKrakenKit.a;
			remoteRef = 84ADF9E816ADA7C70026F990 /* PBXContainerItemProxy */;
			sourceTree = BUILT_PRODUCTS_DIR;
		};
/* End PBXReferenceProxy section */

/* Begin PBXResourcesBuildPhase section */
		8442C2E31668184B007046E3 /* Resources */ = {
			isa = PBXResourcesBuildPhase;
			buildActionMask = 2147483647;
			files = (
				8442C2F51668184B007046E3 /* InfoPlist.strings in Resources */,
				8442C2FD1668184B007046E3 /* Default.png in Resources */,
				8442C2FF1668184B007046E3 /* Default@2x.png in Resources */,
				8442C3011668184B007046E3 /* Default-568h@2x.png in Resources */,
				8442C346166821EE007046E3 /* Defaults.plist in Resources */,
				84CB8C8C16ADC77D0026AF86 /* <Github-Social-Logo-Outlined>.png in Resources */,
				84CB8C9F16ADCEA60026AF86 /* <Blacktocats>.pdf in Resources */,
			);
			runOnlyForDeploymentPostprocessing = 0;
		};
		8442C3071668184B007046E3 /* Resources */ = {
			isa = PBXResourcesBuildPhase;
			buildActionMask = 2147483647;
			files = (
				8442C3171668184B007046E3 /* InfoPlist.strings in Resources */,
			);
			runOnlyForDeploymentPostprocessing = 0;
		};
/* End PBXResourcesBuildPhase section */

/* Begin PBXShellScriptBuildPhase section */
		8442C3081668184B007046E3 /* ShellScript */ = {
			isa = PBXShellScriptBuildPhase;
			buildActionMask = 2147483647;
			files = (
			);
			inputPaths = (
			);
			outputPaths = (
			);
			runOnlyForDeploymentPostprocessing = 0;
			shellPath = /bin/sh;
			shellScript = "# Run the unit tests in this test bundle.\n\"${SYSTEM_DEVELOPER_DIR}/Tools/RunUnitTests\"\n";
		};
/* End PBXShellScriptBuildPhase section */

/* Begin PBXSourcesBuildPhase section */
		8442C2E11668184B007046E3 /* Sources */ = {
			isa = PBXSourcesBuildPhase;
			buildActionMask = 2147483647;
			files = (
				8442C2F71668184B007046E3 /* main.m in Sources */,
				8442C2FB1668184B007046E3 /* GPAppDelegate.m in Sources */,
				8442C3041668184B007046E3 /* GitPad.xcdatamodeld in Sources */,
				8442C32516681869007046E3 /* GPNavigationController.m in Sources */,
				8442C32A16681B76007046E3 /* GPControlCenterViewController.m in Sources */,
				8442C34916682284007046E3 /* GPLoginViewController.m in Sources */,
				8442C34C16682568007046E3 /* GPNavigationBar.m in Sources */,
				846B205F1671717700436E90 /* GPMainViewController.m in Sources */,
				840582EC169F7D920022E4F9 /* MWFSlideNavigationViewController.m in Sources */,
				840582F1169F86DE0022E4F9 /* GPNotificationButton.m in Sources */,
				8410AB48169F8FF900E71AC3 /* GPNewsFeedCell.m in Sources */,
				84CB8C9A16ADCE9B0026AF86 /* NSString+MD5.m in Sources */,
				84CB8C9B16ADCE9B0026AF86 /* PDFView.m in Sources */,
				84CB8C9C16ADCE9B0026AF86 /* UIImage+PDF.m in Sources */,
				84CB8C9D16ADCE9B0026AF86 /* UIView+Image.m in Sources */,
			);
			runOnlyForDeploymentPostprocessing = 0;
		};
		8442C3051668184B007046E3 /* Sources */ = {
			isa = PBXSourcesBuildPhase;
			buildActionMask = 2147483647;
			files = (
				8442C31A1668184B007046E3 /* GitPadTests.m in Sources */,
				840582ED169F7D920022E4F9 /* MWFSlideNavigationViewController.m in Sources */,
				840582F2169F86DE0022E4F9 /* GPNotificationButton.m in Sources */,
				846E858616A61F7F00B0B61D /* MTStatusBarOverlay.m in Sources */,
			);
			runOnlyForDeploymentPostprocessing = 0;
		};
/* End PBXSourcesBuildPhase section */

/* Begin PBXTargetDependency section */
		8442C3111668184B007046E3 /* PBXTargetDependency */ = {
			isa = PBXTargetDependency;
			target = 8442C2E41668184B007046E3 /* GitPad */;
			targetProxy = 8442C3101668184B007046E3 /* PBXContainerItemProxy */;
		};
		84ADF9EB16ADA7D10026F990 /* PBXTargetDependency */ = {
			isa = PBXTargetDependency;
			name = KrakenKit;
			targetProxy = 84ADF9EA16ADA7D10026F990 /* PBXContainerItemProxy */;
		};
/* End PBXTargetDependency section */

/* Begin PBXVariantGroup section */
		8442C2F31668184B007046E3 /* InfoPlist.strings */ = {
			isa = PBXVariantGroup;
			children = (
				8442C2F41668184B007046E3 /* en */,
			);
			name = InfoPlist.strings;
			sourceTree = "<group>";
		};
		8442C3151668184B007046E3 /* InfoPlist.strings */ = {
			isa = PBXVariantGroup;
			children = (
				8442C3161668184B007046E3 /* en */,
			);
			name = InfoPlist.strings;
			sourceTree = "<group>";
		};
/* End PBXVariantGroup section */

/* Begin XCBuildConfiguration section */
		8442C31B1668184B007046E3 /* Debug */ = {
			isa = XCBuildConfiguration;
			buildSettings = {
				ALWAYS_SEARCH_USER_PATHS = NO;
				CLANG_CXX_LANGUAGE_STANDARD = "gnu++0x";
				CLANG_CXX_LIBRARY = "libc++";
				CLANG_ENABLE_OBJC_ARC = YES;
				CLANG_WARN_CONSTANT_CONVERSION = YES;
				CLANG_WARN_DEPRECATED_OBJC_IMPLEMENTATIONS = YES;
				CLANG_WARN_EMPTY_BODY = YES;
				CLANG_WARN_INT_CONVERSION = YES;
				CLANG_WARN__DUPLICATE_METHOD_MATCH = YES;
				"CODE_SIGN_IDENTITY[sdk=iphoneos*]" = "iPhone Developer";
				COPY_PHASE_STRIP = NO;
				GCC_C_LANGUAGE_STANDARD = gnu99;
				GCC_DYNAMIC_NO_PIC = NO;
				GCC_OPTIMIZATION_LEVEL = 0;
				GCC_PREPROCESSOR_DEFINITIONS = (
					"DEBUG=1",
					"$(inherited)",
				);
				GCC_STRICT_ALIASING = YES;
				GCC_SYMBOLS_PRIVATE_EXTERN = NO;
				GCC_WARN_ABOUT_RETURN_TYPE = YES;
				GCC_WARN_UNINITIALIZED_AUTOS = YES;
				GCC_WARN_UNUSED_VARIABLE = YES;
				IPHONEOS_DEPLOYMENT_TARGET = 6.1;
				ONLY_ACTIVE_ARCH = YES;
				SDKROOT = iphoneos;
				TARGETED_DEVICE_FAMILY = 2;
			};
			name = Debug;
		};
		8442C31C1668184B007046E3 /* Release */ = {
			isa = XCBuildConfiguration;
			buildSettings = {
				ALWAYS_SEARCH_USER_PATHS = NO;
				CLANG_CXX_LANGUAGE_STANDARD = "gnu++0x";
				CLANG_CXX_LIBRARY = "libc++";
				CLANG_ENABLE_OBJC_ARC = YES;
				CLANG_WARN_CONSTANT_CONVERSION = YES;
				CLANG_WARN_DEPRECATED_OBJC_IMPLEMENTATIONS = YES;
				CLANG_WARN_EMPTY_BODY = YES;
				CLANG_WARN_INT_CONVERSION = YES;
				CLANG_WARN__DUPLICATE_METHOD_MATCH = YES;
				"CODE_SIGN_IDENTITY[sdk=iphoneos*]" = "iPhone Developer";
				COPY_PHASE_STRIP = YES;
				GCC_C_LANGUAGE_STANDARD = gnu99;
				GCC_STRICT_ALIASING = YES;
				GCC_WARN_ABOUT_RETURN_TYPE = YES;
				GCC_WARN_UNINITIALIZED_AUTOS = YES;
				GCC_WARN_UNUSED_VARIABLE = YES;
				IPHONEOS_DEPLOYMENT_TARGET = 6.1;
				OTHER_CFLAGS = "-DNS_BLOCK_ASSERTIONS=1";
				SDKROOT = iphoneos;
				TARGETED_DEVICE_FAMILY = 2;
				VALIDATE_PRODUCT = YES;
			};
			name = Release;
		};
		8442C31E1668184B007046E3 /* Debug */ = {
			isa = XCBuildConfiguration;
			buildSettings = {
				GCC_PRECOMPILE_PREFIX_HEADER = YES;
				GCC_PREFIX_HEADER = "GitPad/GitPad-Prefix.pch";
				HEADER_SEARCH_PATHS = "\"$(SRCROOT)/KrakenKit\"/**";
				INFOPLIST_FILE = "GitPad/GitPad-Info.plist";
				OTHER_LDFLAGS = (
					"-all_load",
					"-ObjC",
				);
				PRODUCT_NAME = "$(TARGET_NAME)";
				WRAPPER_EXTENSION = app;
			};
			name = Debug;
		};
		8442C31F1668184B007046E3 /* Release */ = {
			isa = XCBuildConfiguration;
			buildSettings = {
				GCC_PRECOMPILE_PREFIX_HEADER = YES;
				GCC_PREFIX_HEADER = "GitPad/GitPad-Prefix.pch";
				HEADER_SEARCH_PATHS = "\"$(SRCROOT)/KrakenKit\"/**";
				INFOPLIST_FILE = "GitPad/GitPad-Info.plist";
				OTHER_LDFLAGS = (
					"-all_load",
					"-ObjC",
				);
				PRODUCT_NAME = "$(TARGET_NAME)";
				WRAPPER_EXTENSION = app;
			};
			name = Release;
		};
		8442C3211668184B007046E3 /* Debug */ = {
			isa = XCBuildConfiguration;
			buildSettings = {
				BUNDLE_LOADER = "$(BUILT_PRODUCTS_DIR)/GitPad.app/GitPad";
				FRAMEWORK_SEARCH_PATHS = (
					"\"$(SDKROOT)/Developer/Library/Frameworks\"",
					"\"$(DEVELOPER_LIBRARY_DIR)/Frameworks\"",
				);
				GCC_PRECOMPILE_PREFIX_HEADER = YES;
				GCC_PREFIX_HEADER = "GitPad/GitPad-Prefix.pch";
				INFOPLIST_FILE = "GitPadTests/GitPadTests-Info.plist";
				PRODUCT_NAME = "$(TARGET_NAME)";
				TEST_HOST = "$(BUNDLE_LOADER)";
				WRAPPER_EXTENSION = octest;
			};
			name = Debug;
		};
		8442C3221668184B007046E3 /* Release */ = {
			isa = XCBuildConfiguration;
			buildSettings = {
				BUNDLE_LOADER = "$(BUILT_PRODUCTS_DIR)/GitPad.app/GitPad";
				FRAMEWORK_SEARCH_PATHS = (
					"\"$(SDKROOT)/Developer/Library/Frameworks\"",
					"\"$(DEVELOPER_LIBRARY_DIR)/Frameworks\"",
				);
				GCC_PRECOMPILE_PREFIX_HEADER = YES;
				GCC_PREFIX_HEADER = "GitPad/GitPad-Prefix.pch";
				INFOPLIST_FILE = "GitPadTests/GitPadTests-Info.plist";
				PRODUCT_NAME = "$(TARGET_NAME)";
				TEST_HOST = "$(BUNDLE_LOADER)";
				WRAPPER_EXTENSION = octest;
			};
			name = Release;
		};
/* End XCBuildConfiguration section */

/* Begin XCConfigurationList section */
		8442C2E01668184B007046E3 /* Build configuration list for PBXProject "GitPad" */ = {
			isa = XCConfigurationList;
			buildConfigurations = (
				8442C31B1668184B007046E3 /* Debug */,
				8442C31C1668184B007046E3 /* Release */,
			);
			defaultConfigurationIsVisible = 0;
			defaultConfigurationName = Release;
		};
		8442C31D1668184B007046E3 /* Build configuration list for PBXNativeTarget "GitPad" */ = {
			isa = XCConfigurationList;
			buildConfigurations = (
				8442C31E1668184B007046E3 /* Debug */,
				8442C31F1668184B007046E3 /* Release */,
			);
			defaultConfigurationIsVisible = 0;
			defaultConfigurationName = Release;
		};
		8442C3201668184B007046E3 /* Build configuration list for PBXNativeTarget "GitPadTests" */ = {
			isa = XCConfigurationList;
			buildConfigurations = (
				8442C3211668184B007046E3 /* Debug */,
				8442C3221668184B007046E3 /* Release */,
			);
			defaultConfigurationIsVisible = 0;
			defaultConfigurationName = Release;
		};
/* End XCConfigurationList section */

/* Begin XCVersionGroup section */
		8442C3021668184B007046E3 /* GitPad.xcdatamodeld */ = {
			isa = XCVersionGroup;
			children = (
				8442C3031668184B007046E3 /* GitPad.xcdatamodel */,
			);
			currentVersion = 8442C3031668184B007046E3 /* GitPad.xcdatamodel */;
			path = GitPad.xcdatamodeld;
			sourceTree = "<group>";
			versionGroupType = wrapper.xcdatamodel;
		};
/* End XCVersionGroup section */
	};
	rootObject = 8442C2DD1668184B007046E3 /* Project object */;
}
